<?xml version="1.0" encoding="utf-8" standalone="no"?>
<Scheme LastUpgradeVersion="1100" version="1.3">
	<AnalyzeAction buildConfiguration="Debug" />
	<ArchiveAction revealArchiveInOrganizer="YES" buildConfiguration="Release" />
	<TestAction buildConfiguration="Debug" selectedDebuggerIdentifier="Xcode.DebuggerFoundation.Debugger.LLDB" selectedLauncherIdentifier="Xcode.DebuggerFoundation.Launcher.LLDB" codeCoverageEnabled="NO" shouldUseLaunchSchemeArgsEnv="YES">
		<Testables />
	</TestAction>
	<ProfileAction buildConfiguration="Release" shouldUseLaunchSchemeArgsEnv="YES" savedToolIdentifier="" debugDocumentVersioning="YES" useCustomWorkingDirectory="NO">
		<BuildableProductRunnable runnableDebuggingMode="0">
			<BuildableReference ReferencedContainer="container:MetalSimSample.xcodeproj" BuildableIdentifier="primary" BlueprintIdentifier="D65279D72284D8D7003F6F19" BlueprintName="MetalSimSample iOS" BuildableName="MetalSimSample.app" />
		</BuildableProductRunnable>
	</ProfileAction>
	<BuildAction parallelizeBuildables="YES" buildImplicitDependencies="YES">
		<BuildActionEntries>
			<BuildActionEntry buildForTesting="YES" buildForArchiving="YES" buildForAnalyzing="YES" buildForProfiling="YES" buildForRunning="YES">
				<BuildableReference BlueprintIdentifier="D65279D72284D8D7003F6F19" BuildableIdentifier="primary" ReferencedContainer="container:MetalSimSample.xcodeproj" BlueprintName="MetalSimSample iOS" BuildableName="MetalSimSample.app" />
			</BuildActionEntry>
		</BuildActionEntries>
	</BuildAction>
	<LaunchAction useCustomWorkingDirectory="NO" selectedDebuggerIdentifier="Xcode.DebuggerFoundation.Debugger.LLDB" debugDocumentVersioning="YES" buildConfiguration="Debug" selectedLauncherIdentifier="Xcode.DebuggerFoundation.Launcher.LLDB" launchStyle="0" ignoresPersistentStateOnLaunch="NO" allowLocationSimulation="YES" debugServiceExtension="internal">
		<BuildableProductRunnable runnableDebuggingMode="0">
			<BuildableReference BuildableIdentifier="primary" ReferencedContainer="container:MetalSimSample.xcodeproj" BlueprintIdentifier="D65279D72284D8D7003F6F19" BlueprintName="MetalSimSample iOS" BuildableName="MetalSimSample.app" />
		</BuildableProductRunnable>
	</LaunchAction>
</Scheme>