// !$*UTF8*$!
{
	archiveVersion = 1;
	classes = {
	};
	objectVersion = 50;
	objects = {

/* Begin PBXBuildFile section */
		3A03BF7F227CE09A002DD1CD /* AAPLMeshData.mm in Sources */ = {isa = PBXBuildFile; fileRef = 3A03BF7E227CE09A002DD1CD /* AAPLMeshData.mm */; };
		3A40C5C12277F0F500DBB29F /* AAPLMetalRenderer.m in Sources */ = {isa = PBXBuildFile; fileRef = 3A40C5A82277F0F500DBB29F /* AAPLMetalRenderer.m */; };
		3A40C5C52277F0F500DBB29F /* AAPLShaders.metal in Sources */ = {isa = PBXBuildFile; fileRef = 3A40C5AC2277F0F500DBB29F /* AAPLShaders.metal */; };
		3A40C5C72277F0F500DBB29F /* AAPLMathUtilities.m in Sources */ = {isa = PBXBuildFile; fileRef = 3A40C5AE2277F0F500DBB29F /* AAPLMathUtilities.m */; };
		3A40C5C82277F0F500DBB29F /* Meshes in Resources */ = {isa = PBXBuildFile; fileRef = 3A40C5AF2277F0F500DBB29F /* Meshes */; };
		3A4DDD502283D8C20095BC87 /* AAPLMeshData.mm in Sources */ = {isa = PBXBuildFile; fileRef = 3A03BF7E227CE09A002DD1CD /* AAPLMeshData.mm */; };
		3A4DDD522283D8C20095BC87 /* AAPLOpenGLRenderer.m in Sources */ = {isa = PBXBuildFile; fileRef = 3A4DDD462283CE4D0095BC87 /* AAPLOpenGLRenderer.m */; settings = {COMPILER_FLAGS = "-Wno-deprecated-declarations"; }; };
		3A4DDD552283D8C20095BC87 /* main.m in Sources */ = {isa = PBXBuildFile; fileRef = 3ABD52E92283BB9B0050D28E /* main.m */; };
		3A4DDD562283D8C20095BC87 /* AAPLMathUtilities.m in Sources */ = {isa = PBXBuildFile; fileRef = 3A40C5AE2277F0F500DBB29F /* AAPLMathUtilities.m */; };
		3A4DDD5A2283D8C20095BC87 /* Meshes in Resources */ = {isa = PBXBuildFile; fileRef = 3A40C5AF2277F0F500DBB29F /* Meshes */; };
		3A4DDD632283D9150095BC87 /* AAPLMeshData.mm in Sources */ = {isa = PBXBuildFile; fileRef = 3A03BF7E227CE09A002DD1CD /* AAPLMeshData.mm */; };
		3A4DDD642283D9150095BC87 /* AAPLMathUtilities.m in Sources */ = {isa = PBXBuildFile; fileRef = 3A40C5AE2277F0F500DBB29F /* AAPLMathUtilities.m */; };
		3A4DDD692283D9150095BC87 /* AAPLAppDelegate.m in Sources */ = {isa = PBXBuildFile; fileRef = 3ABD52F22283BC300050D28E /* AAPLAppDelegate.m */; };
		3A4DDD6A2283D9150095BC87 /* main.m in Sources */ = {isa = PBXBuildFile; fileRef = 3ABD52E92283BB9B0050D28E /* main.m */; };
		3A4DDD6D2283D9150095BC87 /* LaunchScreen.storyboard in Resources */ = {isa = PBXBuildFile; fileRef = 3ABD52DA2283BAFE0050D28E /* LaunchScreen.storyboard */; };
		3A4DDD6F2283D9150095BC87 /* Meshes in Resources */ = {isa = PBXBuildFile; fileRef = 3A40C5AF2277F0F500DBB29F /* Meshes */; };
		3A54891122A8329700D4B25A /* Main.storyboard in Resources */ = {isa = PBXBuildFile; fileRef = 3A54890C22A8329700D4B25A /* Main.storyboard */; };
		3A54891422A8329700D4B25A /* Main.storyboard in Resources */ = {isa = PBXBuildFile; fileRef = 3A54890F22A8329700D4B25A /* Main.storyboard */; };
		3A8BF91B22BC13DF0037A7F0 /* AAPLOpenGLRenderer.m in Sources */ = {isa = PBXBuildFile; fileRef = 3A4DDD462283CE4D0095BC87 /* AAPLOpenGLRenderer.m */; settings = {COMPILER_FLAGS = "-Wno-deprecated-declarations"; }; };
		3ABD52D72283BAFB0050D28E /* Main.storyboard in Resources */ = {isa = PBXBuildFile; fileRef = 3ABD52D52283BAFB0050D28E /* Main.storyboard */; };
		3ABD52DC2283BAFE0050D28E /* LaunchScreen.storyboard in Resources */ = {isa = PBXBuildFile; fileRef = 3ABD52DA2283BAFE0050D28E /* LaunchScreen.storyboard */; };
		3ABD52EA2283BB9B0050D28E /* Main.storyboard in Resources */ = {isa = PBXBuildFile; fileRef = 3ABD52E42283BB9B0050D28E /* Main.storyboard */; };
		3ABD52EC2283BB9B0050D28E /* AAPLMetalViewController.m in Sources */ = {isa = PBXBuildFile; fileRef = 3ABD52E82283BB9B0050D28E /* AAPLMetalViewController.m */; };
		3ABD52ED2283BB9B0050D28E /* main.m in Sources */ = {isa = PBXBuildFile; fileRef = 3ABD52E92283BB9B0050D28E /* main.m */; };
		3ABD52F02283BC260050D28E /* main.m in Sources */ = {isa = PBXBuildFile; fileRef = 3ABD52E92283BB9B0050D28E /* main.m */; };
		3ABD52F62283BDB70050D28E /* AAPLMetalRenderer.m in Sources */ = {isa = PBXBuildFile; fileRef = 3A40C5A82277F0F500DBB29F /* AAPLMetalRenderer.m */; };
		3ABD52F72283BDBA0050D28E /* AAPLMeshData.mm in Sources */ = {isa = PBXBuildFile; fileRef = 3A03BF7E227CE09A002DD1CD /* AAPLMeshData.mm */; };
		3ABD52F92283BDC10050D28E /* AAPLShaders.metal in Sources */ = {isa = PBXBuildFile; fileRef = 3A40C5AC2277F0F500DBB29F /* AAPLShaders.metal */; };
		3ABD52FA2283BDC50050D28E /* AAPLMathUtilities.m in Sources */ = {isa = PBXBuildFile; fileRef = 3A40C5AE2277F0F500DBB29F /* AAPLMathUtilities.m */; };
		3ABD52FB2283BE4B0050D28E /* AAPLMetalViewController.m in Sources */ = {isa = PBXBuildFile; fileRef = 3ABD52E82283BB9B0050D28E /* AAPLMetalViewController.m */; };
		3ABD52FE2283BF020050D28E /* Meshes in Resources */ = {isa = PBXBuildFile; fileRef = 3A40C5AF2277F0F500DBB29F /* Meshes */; };
		3ABD53092283C4FE0050D28E /* AAPLAppDelegate.m in Sources */ = {isa = PBXBuildFile; fileRef = 3ABD52F22283BC300050D28E /* AAPLAppDelegate.m */; };
		3AFFA00F22A1F0C900D8184A /* temple.vsh in Resources */ = {isa = PBXBuildFile; fileRef = 3AFFA00A22A1F0C900D8184A /* temple.vsh */; };
		3AFFA01022A1F0C900D8184A /* temple.vsh in Resources */ = {isa = PBXBuildFile; fileRef = 3AFFA00A22A1F0C900D8184A /* temple.vsh */; };
		3AFFA01122A1F0C900D8184A /* AAPLOpenGLViewController.m in Sources */ = {isa = PBXBuildFile; fileRef = 3AFFA00B22A1F0C900D8184A /* AAPLOpenGLViewController.m */; settings = {COMPILER_FLAGS = "-Wno-deprecated-declarations"; }; };
		3AFFA01222A1F0C900D8184A /* AAPLOpenGLViewController.m in Sources */ = {isa = PBXBuildFile; fileRef = 3AFFA00B22A1F0C900D8184A /* AAPLOpenGLViewController.m */; settings = {COMPILER_FLAGS = "-Wno-deprecated-declarations"; }; };
		3AFFA01322A1F0C900D8184A /* temple.fsh in Resources */ = {isa = PBXBuildFile; fileRef = 3AFFA00C22A1F0C900D8184A /* temple.fsh */; };
		3AFFA01422A1F0C900D8184A /* temple.fsh in Resources */ = {isa = PBXBuildFile; fileRef = 3AFFA00C22A1F0C900D8184A /* temple.fsh */; };
		3AFFA01522A1F0C900D8184A /* reflect.vsh in Resources */ = {isa = PBXBuildFile; fileRef = 3AFFA00D22A1F0C900D8184A /* reflect.vsh */; };
		3AFFA01622A1F0C900D8184A /* reflect.vsh in Resources */ = {isa = PBXBuildFile; fileRef = 3AFFA00D22A1F0C900D8184A /* reflect.vsh */; };
		3AFFA01722A1F0C900D8184A /* reflect.fsh in Resources */ = {isa = PBXBuildFile; fileRef = 3AFFA00E22A1F0C900D8184A /* reflect.fsh */; };
		3AFFA01822A1F0C900D8184A /* reflect.fsh in Resources */ = {isa = PBXBuildFile; fileRef = 3AFFA00E22A1F0C900D8184A /* reflect.fsh */; };
/* End PBXBuildFile section */

/* Begin PBXFileReference section */
		22932430229181E000000001 /* README.md */ = {isa = PBXFileReference; lastKnownFileType = net.daringfireball.markdown; path = README.md; sourceTree = "<group>"; };
		3A03BF7D227CE09A002DD1CD /* AAPLMeshData.h */ = {isa = PBXFileReference; fileEncoding = 4; lastKnownFileType = sourcecode.c.h; path = AAPLMeshData.h; sourceTree = "<group>"; };
		3A03BF7E227CE09A002DD1CD /* AAPLMeshData.mm */ = {isa = PBXFileReference; fileEncoding = 4; lastKnownFileType = sourcecode.cpp.objcpp; path = AAPLMeshData.mm; sourceTree = "<group>"; };
		3A40C5A72277F0F500DBB29F /* AAPLMetalRenderer.h */ = {isa = PBXFileReference; lastKnownFileType = sourcecode.c.h; path = AAPLMetalRenderer.h; sourceTree = "<group>"; };
		3A40C5A82277F0F500DBB29F /* AAPLMetalRenderer.m */ = {isa = PBXFileReference; lastKnownFileType = sourcecode.c.objc; path = AAPLMetalRenderer.m; sourceTree = "<group>"; };
		3A40C5AB2277F0F500DBB29F /* AAPLShaderTypes.h */ = {isa = PBXFileReference; lastKnownFileType = sourcecode.c.h; path = AAPLShaderTypes.h; sourceTree = "<group>"; };
		3A40C5AC2277F0F500DBB29F /* AAPLShaders.metal */ = {isa = PBXFileReference; lastKnownFileType = sourcecode.metal; path = AAPLShaders.metal; sourceTree = "<group>"; };
		3A40C5AD2277F0F500DBB29F /* AAPLMathUtilities.h */ = {isa = PBXFileReference; lastKnownFileType = sourcecode.c.h; path = AAPLMathUtilities.h; sourceTree = "<group>"; };
		3A40C5AE2277F0F500DBB29F /* AAPLMathUtilities.m */ = {isa = PBXFileReference; lastKnownFileType = sourcecode.c.objc; path = AAPLMathUtilities.m; sourceTree = "<group>"; };
		3A40C5AF2277F0F500DBB29F /* Meshes */ = {isa = PBXFileReference; lastKnownFileType = folder; path = Meshes; sourceTree = "<group>"; };
		3A40C5B52277F0F500DBB29F /* MetalRenderer.app */ = {isa = PBXFileReference; explicitFileType = wrapper.application; includeInIndex = 0; path = MetalRenderer.app; sourceTree = BUILT_PRODUCTS_DIR; };
		3A4DDD462283CE4D0095BC87 /* AAPLOpenGLRenderer.m */ = {isa = PBXFileReference; lastKnownFileType = sourcecode.c.objc; path = AAPLOpenGLRenderer.m; sourceTree = "<group>"; };
		3A4DDD472283CE4D0095BC87 /* AAPLOpenGLRenderer.h */ = {isa = PBXFileReference; lastKnownFileType = sourcecode.c.h; path = AAPLOpenGLRenderer.h; sourceTree = "<group>"; };
		3A4DDD4A2283CE4D0095BC87 /* AAPLGLHeaders.h */ = {isa = PBXFileReference; lastKnownFileType = sourcecode.c.h; path = AAPLGLHeaders.h; sourceTree = "<group>"; };
		3A4DDD5F2283D8C20095BC87 /* OpenGLRenderer.app */ = {isa = PBXFileReference; explicitFileType = wrapper.application; includeInIndex = 0; path = OpenGLRenderer.app; sourceTree = BUILT_PRODUCTS_DIR; };
		3A4DDD732283D9150095BC87 /* OpenGLRenderer.app */ = {isa = PBXFileReference; explicitFileType = wrapper.application; includeInIndex = 0; path = OpenGLRenderer.app; sourceTree = BUILT_PRODUCTS_DIR; };
		3A54890D22A8329700D4B25A /* Base */ = {isa = PBXFileReference; lastKnownFileType = file.storyboard; name = Base; path = Base.lproj/Main.storyboard; sourceTree = "<group>"; };
		3A54891022A8329700D4B25A /* Base */ = {isa = PBXFileReference; lastKnownFileType = file.storyboard; name = Base; path = Base.lproj/Main.storyboard; sourceTree = "<group>"; };
		3A7ADB922298778100E45296 /* AAPLCommonDefinitions.h */ = {isa = PBXFileReference; lastKnownFileType = sourcecode.c.h; path = AAPLCommonDefinitions.h; sourceTree = "<group>"; };
		3ABD52CD2283BAFB0050D28E /* MetalRenderer.app */ = {isa = PBXFileReference; explicitFileType = wrapper.application; includeInIndex = 0; path = MetalRenderer.app; sourceTree = BUILT_PRODUCTS_DIR; };
		3ABD52D62283BAFB0050D28E /* Base */ = {isa = PBXFileReference; lastKnownFileType = file.storyboard; name = Base; path = Base.lproj/Main.storyboard; sourceTree = "<group>"; };
		3ABD52DB2283BAFE0050D28E /* Base */ = {isa = PBXFileReference; lastKnownFileType = file.storyboard; name = Base; path = Base.lproj/LaunchScreen.storyboard; sourceTree = "<group>"; };
		3ABD52DD2283BAFE0050D28E /* Info.plist */ = {isa = PBXFileReference; lastKnownFileType = text.plist.xml; path = Info.plist; sourceTree = "<group>"; };
		3ABD52E52283BB9B0050D28E /* Base */ = {isa = PBXFileReference; lastKnownFileType = file.storyboard; name = Base; path = Base.lproj/Main.storyboard; sourceTree = "<group>"; };
		3ABD52E62283BB9B0050D28E /* Info.plist */ = {isa = PBXFileReference; fileEncoding = 4; lastKnownFileType = text.plist.xml; path = Info.plist; sourceTree = "<group>"; };
		3ABD52E72283BB9B0050D28E /* AAPLMetalViewController.h */ = {isa = PBXFileReference; fileEncoding = 4; lastKnownFileType = sourcecode.c.h; path = AAPLMetalViewController.h; sourceTree = "<group>"; };
		3ABD52E82283BB9B0050D28E /* AAPLMetalViewController.m */ = {isa = PBXFileReference; fileEncoding = 4; lastKnownFileType = sourcecode.c.objc; path = AAPLMetalViewController.m; sourceTree = "<group>"; };
		3ABD52E92283BB9B0050D28E /* main.m */ = {isa = PBXFileReference; fileEncoding = 4; lastKnownFileType = sourcecode.c.objc; path = main.m; sourceTree = "<group>"; };
		3ABD52F12283BC300050D28E /* AAPLAppDelegate.h */ = {isa = PBXFileReference; fileEncoding = 4; lastKnownFileType = sourcecode.c.h; path = AAPLAppDelegate.h; sourceTree = "<group>"; };
		3ABD52F22283BC300050D28E /* AAPLAppDelegate.m */ = {isa = PBXFileReference; fileEncoding = 4; lastKnownFileType = sourcecode.c.objc; path = AAPLAppDelegate.m; sourceTree = "<group>"; };
		3ABD530B2283CAB50050D28E /* AAPLOpenGLViewController.h */ = {isa = PBXFileReference; fileEncoding = 4; lastKnownFileType = sourcecode.c.h; path = AAPLOpenGLViewController.h; sourceTree = "<group>"; };
		3AFFA00A22A1F0C900D8184A /* temple.vsh */ = {isa = PBXFileReference; fileEncoding = 4; lastKnownFileType = sourcecode.glsl; path = temple.vsh; sourceTree = "<group>"; };
		3AFFA00B22A1F0C900D8184A /* AAPLOpenGLViewController.m */ = {isa = PBXFileReference; fileEncoding = 4; lastKnownFileType = sourcecode.c.objc; path = AAPLOpenGLViewController.m; sourceTree = "<group>"; };
		3AFFA00C22A1F0C900D8184A /* temple.fsh */ = {isa = PBXFileReference; fileEncoding = 4; lastKnownFileType = sourcecode.glsl; path = temple.fsh; sourceTree = "<group>"; };
		3AFFA00D22A1F0C900D8184A /* reflect.vsh */ = {isa = PBXFileReference; fileEncoding = 4; lastKnownFileType = sourcecode.glsl; path = reflect.vsh; sourceTree = "<group>"; };
		3AFFA00E22A1F0C900D8184A /* reflect.fsh */ = {isa = PBXFileReference; fileEncoding = 4; lastKnownFileType = sourcecode.glsl; path = reflect.fsh; sourceTree = "<group>"; };
		78D5197078D7690000000001 /* SampleCode.xcconfig */ = {isa = PBXFileReference; lastKnownFileType = text.xcconfig; name = SampleCode.xcconfig; path = Configuration/SampleCode.xcconfig; sourceTree = "<group>"; };
		78FA0B4078F9C9B000000001 /* LICENSE.txt */ = {isa = PBXFileReference; includeInIndex = 1; lastKnownFileType = text; path = LICENSE.txt; sourceTree = "<group>"; };
/* End PBXFileReference section */

/* Begin PBXFrameworksBuildPhase section */
		3A40C5B22277F0F500DBB29F /* Frameworks */ = {
			isa = PBXFrameworksBuildPhase;
			buildActionMask = 2147483647;
			files = (
			);
			runOnlyForDeploymentPostprocessing = 0;
		};
		3A4DDD582283D8C20095BC87 /* Frameworks */ = {
			isa = PBXFrameworksBuildPhase;
			buildActionMask = 2147483647;
			files = (
			);
			runOnlyForDeploymentPostprocessing = 0;
		};
		3A4DDD6B2283D9150095BC87 /* Frameworks */ = {
			isa = PBXFrameworksBuildPhase;
			buildActionMask = 2147483647;
			files = (
			);
			runOnlyForDeploymentPostprocessing = 0;
		};
		3ABD52CA2283BAFB0050D28E /* Frameworks */ = {
			isa = PBXFrameworksBuildPhase;
			buildActionMask = 2147483647;
			files = (
			);
			runOnlyForDeploymentPostprocessing = 0;
		};
/* End PBXFrameworksBuildPhase section */

/* Begin PBXGroup section */
		3A40C59F2277F0F500DBB29F = {
			isa = PBXGroup;
			children = (
				22932430229181E000000001 /* README.md */,
				3ABD52FD2283BE710050D28E /* Metal */,
				3ABD53072283C4110050D28E /* OpenGL */,
				3ABD53012283C3710050D28E /* Common */,
				3A40C5B62277F0F500DBB29F /* Products */,
				78D5149078D515B000000001 /* Configuration */,
				78F9C07078F9C6B000000001 /* LICENSE */,
			);
			sourceTree = "<group>";
		};
		3A40C5B62277F0F500DBB29F /* Products */ = {
			isa = PBXGroup;
			children = (
				3A40C5B52277F0F500DBB29F /* MetalRenderer.app */,
				3ABD52CD2283BAFB0050D28E /* MetalRenderer.app */,
				3A4DDD5F2283D8C20095BC87 /* OpenGLRenderer.app */,
				3A4DDD732283D9150095BC87 /* OpenGLRenderer.app */,
			);
			name = Products;
			sourceTree = "<group>";
		};
		3A54890A22A8329700D4B25A /* Application */ = {
			isa = PBXGroup;
			children = (
				3A54890B22A8329700D4B25A /* macOS */,
				3A54890E22A8329700D4B25A /* iOS */,
			);
			path = Application;
			sourceTree = "<group>";
		};
		3A54890B22A8329700D4B25A /* macOS */ = {
			isa = PBXGroup;
			children = (
				3A54890C22A8329700D4B25A /* Main.storyboard */,
			);
			path = macOS;
			sourceTree = "<group>";
		};
		3A54890E22A8329700D4B25A /* iOS */ = {
			isa = PBXGroup;
			children = (
				3A54890F22A8329700D4B25A /* Main.storyboard */,
			);
			path = iOS;
			sourceTree = "<group>";
		};
		3ABD52C72283B7830050D28E /* Application */ = {
			isa = PBXGroup;
			children = (
				3ABD53062283C3F70050D28E /* macOS */,
				3ABD52CE2283BAFB0050D28E /* iOS */,
			);
			path = Application;
			sourceTree = "<group>";
		};
		3ABD52CE2283BAFB0050D28E /* iOS */ = {
			isa = PBXGroup;
			children = (
				3ABD52D52283BAFB0050D28E /* Main.storyboard */,
			);
			path = iOS;
			sourceTree = "<group>";
		};
		3ABD52E32283BB9B0050D28E /* macOS */ = {
			isa = PBXGroup;
			children = (
				3ABD52E62283BB9B0050D28E /* Info.plist */,
			);
			path = macOS;
			sourceTree = "<group>";
		};
		3ABD52FD2283BE710050D28E /* Metal */ = {
			isa = PBXGroup;
			children = (
				3ABD52E72283BB9B0050D28E /* AAPLMetalViewController.h */,
				3ABD52E82283BB9B0050D28E /* AAPLMetalViewController.m */,
				3A40C5A72277F0F500DBB29F /* AAPLMetalRenderer.h */,
				3A40C5A82277F0F500DBB29F /* AAPLMetalRenderer.m */,
				3A40C5AB2277F0F500DBB29F /* AAPLShaderTypes.h */,
				3A40C5AC2277F0F500DBB29F /* AAPLShaders.metal */,
				3ABD52C72283B7830050D28E /* Application */,
			);
			path = Metal;
			sourceTree = "<group>";
		};
		3ABD53012283C3710050D28E /* Common */ = {
			isa = PBXGroup;
			children = (
				3ABD52E92283BB9B0050D28E /* main.m */,
				3A7ADB922298778100E45296 /* AAPLCommonDefinitions.h */,
				3A03BF7D227CE09A002DD1CD /* AAPLMeshData.h */,
				3A03BF7E227CE09A002DD1CD /* AAPLMeshData.mm */,
				3A40C5AD2277F0F500DBB29F /* AAPLMathUtilities.h */,
				3A40C5AE2277F0F500DBB29F /* AAPLMathUtilities.m */,
				3ABD52F12283BC300050D28E /* AAPLAppDelegate.h */,
				3ABD52F22283BC300050D28E /* AAPLAppDelegate.m */,
				3A40C5AF2277F0F500DBB29F /* Meshes */,
				3ABD53032283C3970050D28E /* Application */,
			);
			path = Common;
			sourceTree = "<group>";
		};
		3ABD53032283C3970050D28E /* Application */ = {
			isa = PBXGroup;
			children = (
				3ABD52E32283BB9B0050D28E /* macOS */,
				3ABD53052283C3B80050D28E /* iOS */,
			);
			path = Application;
			sourceTree = "<group>";
		};
		3ABD53052283C3B80050D28E /* iOS */ = {
			isa = PBXGroup;
			children = (
				3ABD52DA2283BAFE0050D28E /* LaunchScreen.storyboard */,
				3ABD52DD2283BAFE0050D28E /* Info.plist */,
			);
			path = iOS;
			sourceTree = "<group>";
		};
		3ABD53062283C3F70050D28E /* macOS */ = {
			isa = PBXGroup;
			children = (
				3ABD52E42283BB9B0050D28E /* Main.storyboard */,
			);
			path = macOS;
			sourceTree = "<group>";
		};
		3ABD53072283C4110050D28E /* OpenGL */ = {
			isa = PBXGroup;
			children = (
				3ABD530B2283CAB50050D28E /* AAPLOpenGLViewController.h */,
				3AFFA00B22A1F0C900D8184A /* AAPLOpenGLViewController.m */,
				3A4DDD4A2283CE4D0095BC87 /* AAPLGLHeaders.h */,
				3A4DDD472283CE4D0095BC87 /* AAPLOpenGLRenderer.h */,
				3A4DDD462283CE4D0095BC87 /* AAPLOpenGLRenderer.m */,
				3AFFA00A22A1F0C900D8184A /* temple.vsh */,
				3AFFA00C22A1F0C900D8184A /* temple.fsh */,
				3AFFA00D22A1F0C900D8184A /* reflect.vsh */,
				3AFFA00E22A1F0C900D8184A /* reflect.fsh */,
				3A54890A22A8329700D4B25A /* Application */,
			);
			path = OpenGL;
			sourceTree = "<group>";
		};
		78D5149078D515B000000001 /* Configuration */ = {
			isa = PBXGroup;
			children = (
				78D5197078D7690000000001 /* SampleCode.xcconfig */,
			);
			name = Configuration;
			sourceTree = "<group>";
		};
		78F9C07078F9C6B000000001 /* LICENSE */ = {
			isa = PBXGroup;
			children = (
				78FA0B4078F9C9B000000001 /* LICENSE.txt */,
			);
			path = LICENSE;
			sourceTree = "<group>";
		};
/* End PBXGroup section */

/* Begin PBXNativeTarget section */
		3A40C5B42277F0F500DBB29F /* MetalRenderer-macOS */ = {
			isa = PBXNativeTarget;
			buildConfigurationList = 3A40C5CC2277F0F500DBB29F /* Build configuration list for PBXNativeTarget "MetalRenderer-macOS" */;
			buildPhases = (
				3A40C5B12277F0F500DBB29F /* Sources */,
				3A40C5B22277F0F500DBB29F /* Frameworks */,
				3A40C5B32277F0F500DBB29F /* Resources */,
			);
			buildRules = (
			);
			dependencies = (
			);
			name = "MetalRenderer-macOS";
			productName = macOS;
			productReference = 3A40C5B52277F0F500DBB29F /* MetalRenderer.app */;
			productType = "com.apple.product-type.application";
		};
		3A4DDD4D2283D8C20095BC87 /* OpenGLRenderer-macOS */ = {
			isa = PBXNativeTarget;
			buildConfigurationList = 3A4DDD5C2283D8C20095BC87 /* Build configuration list for PBXNativeTarget "OpenGLRenderer-macOS" */;
			buildPhases = (
				3A4DDD4E2283D8C20095BC87 /* Sources */,
				3A4DDD582283D8C20095BC87 /* Frameworks */,
				3A4DDD592283D8C20095BC87 /* Resources */,
			);
			buildRules = (
			);
			dependencies = (
			);
			name = "OpenGLRenderer-macOS";
			productName = macOS;
			productReference = 3A4DDD5F2283D8C20095BC87 /* OpenGLRenderer.app */;
			productType = "com.apple.product-type.application";
		};
		3A4DDD612283D9150095BC87 /* OpenGLRenderer-iOS */ = {
			isa = PBXNativeTarget;
			buildConfigurationList = 3A4DDD702283D9150095BC87 /* Build configuration list for PBXNativeTarget "OpenGLRenderer-iOS" */;
			buildPhases = (
				3A4DDD622283D9150095BC87 /* Sources */,
				3A4DDD6B2283D9150095BC87 /* Frameworks */,
				3A4DDD6C2283D9150095BC87 /* Resources */,
			);
			buildRules = (
			);
			dependencies = (
			);
			name = "OpenGLRenderer-iOS";
			productName = OpenGLToMetal;
			productReference = 3A4DDD732283D9150095BC87 /* OpenGLRenderer.app */;
			productType = "com.apple.product-type.application";
		};
		3ABD52CC2283BAFB0050D28E /* MetalRenderer-iOS */ = {
			isa = PBXNativeTarget;
			buildConfigurationList = 3ABD52E02283BAFE0050D28E /* Build configuration list for PBXNativeTarget "MetalRenderer-iOS" */;
			buildPhases = (
				3ABD52C92283BAFB0050D28E /* Sources */,
				3ABD52CA2283BAFB0050D28E /* Frameworks */,
				3ABD52CB2283BAFB0050D28E /* Resources */,
			);
			buildRules = (
			);
			dependencies = (
			);
			name = "MetalRenderer-iOS";
			productName = OpenGLToMetal;
			productReference = 3ABD52CD2283BAFB0050D28E /* MetalRenderer.app */;
			productType = "com.apple.product-type.application";
		};
/* End PBXNativeTarget section */

/* Begin PBXProject section */
		3A40C5A02277F0F500DBB29F /* Project object */ = {
			isa = PBXProject;
			attributes = {
				LastUpgradeCheck = 1100;
				ORGANIZATIONNAME = Apple;
				TargetAttributes = {
					3A40C5B42277F0F500DBB29F = {
						CreatedOnToolsVersion = 11.0;
					};
					3ABD52CC2283BAFB0050D28E = {
						CreatedOnToolsVersion = 11.0;
					};
				};
			};
			buildConfigurationList = 3A40C5A32277F0F500DBB29F /* Build configuration list for PBXProject "OpenGLToMetal" */;
			compatibilityVersion = "Xcode 9.3";
			developmentRegion = en;
			hasScannedForEncodings = 0;
			knownRegions = (
				en,
				Base,
			);
			mainGroup = 3A40C59F2277F0F500DBB29F;
			productRefGroup = 3A40C5B62277F0F500DBB29F /* Products */;
			projectDirPath = "";
			projectRoot = "";
			targets = (
				3A40C5B42277F0F500DBB29F /* MetalRenderer-macOS */,
				3ABD52CC2283BAFB0050D28E /* MetalRenderer-iOS */,
				3A4DDD4D2283D8C20095BC87 /* OpenGLRenderer-macOS */,
				3A4DDD612283D9150095BC87 /* OpenGLRenderer-iOS */,
			);
		};
/* End PBXProject section */

/* Begin PBXResourcesBuildPhase section */
		3A40C5B32277F0F500DBB29F /* Resources */ = {
			isa = PBXResourcesBuildPhase;
			buildActionMask = 2147483647;
			files = (
				3A40C5C82277F0F500DBB29F /* Meshes in Resources */,
				3ABD52EA2283BB9B0050D28E /* Main.storyboard in Resources */,
			);
			runOnlyForDeploymentPostprocessing = 0;
		};
		3A4DDD592283D8C20095BC87 /* Resources */ = {
			isa = PBXResourcesBuildPhase;
			buildActionMask = 2147483647;
			files = (
				3A54891122A8329700D4B25A /* Main.storyboard in Resources */,
				3AFFA01322A1F0C900D8184A /* temple.fsh in Resources */,
				3AFFA01722A1F0C900D8184A /* reflect.fsh in Resources */,
				3A4DDD5A2283D8C20095BC87 /* Meshes in Resources */,
				3AFFA00F22A1F0C900D8184A /* temple.vsh in Resources */,
				3AFFA01522A1F0C900D8184A /* reflect.vsh in Resources */,
			);
			runOnlyForDeploymentPostprocessing = 0;
		};
		3A4DDD6C2283D9150095BC87 /* Resources */ = {
			isa = PBXResourcesBuildPhase;
			buildActionMask = 2147483647;
			files = (
				3AFFA01022A1F0C900D8184A /* temple.vsh in Resources */,
				3AFFA01622A1F0C900D8184A /* reflect.vsh in Resources */,
				3A4DDD6D2283D9150095BC87 /* LaunchScreen.storyboard in Resources */,
				3A4DDD6F2283D9150095BC87 /* Meshes in Resources */,
				3A54891422A8329700D4B25A /* Main.storyboard in Resources */,
				3AFFA01822A1F0C900D8184A /* reflect.fsh in Resources */,
				3AFFA01422A1F0C900D8184A /* temple.fsh in Resources */,
			);
			runOnlyForDeploymentPostprocessing = 0;
		};
		3ABD52CB2283BAFB0050D28E /* Resources */ = {
			isa = PBXResourcesBuildPhase;
			buildActionMask = 2147483647;
			files = (
				3ABD52DC2283BAFE0050D28E /* LaunchScreen.storyboard in Resources */,
				3ABD52D72283BAFB0050D28E /* Main.storyboard in Resources */,
				3ABD52FE2283BF020050D28E /* Meshes in Resources */,
			);
			runOnlyForDeploymentPostprocessing = 0;
		};
/* End PBXResourcesBuildPhase section */

/* Begin PBXSourcesBuildPhase section */
		3A40C5B12277F0F500DBB29F /* Sources */ = {
			isa = PBXSourcesBuildPhase;
			buildActionMask = 2147483647;
			files = (
				3A40C5C12277F0F500DBB29F /* AAPLMetalRenderer.m in Sources */,
				3A03BF7F227CE09A002DD1CD /* AAPLMeshData.mm in Sources */,
				3ABD52EC2283BB9B0050D28E /* AAPLMetalViewController.m in Sources */,
				3A40C5C52277F0F500DBB29F /* AAPLShaders.metal in Sources */,
				3ABD52ED2283BB9B0050D28E /* main.m in Sources */,
				3A40C5C72277F0F500DBB29F /* AAPLMathUtilities.m in Sources */,
			);
			runOnlyForDeploymentPostprocessing = 0;
		};
		3A4DDD4E2283D8C20095BC87 /* Sources */ = {
			isa = PBXSourcesBuildPhase;
			buildActionMask = 2147483647;
			files = (
				3AFFA01122A1F0C900D8184A /* AAPLOpenGLViewController.m in Sources */,
				3A4DDD502283D8C20095BC87 /* AAPLMeshData.mm in Sources */,
				3A4DDD522283D8C20095BC87 /* AAPLOpenGLRenderer.m in Sources */,
				3A4DDD552283D8C20095BC87 /* main.m in Sources */,
				3A4DDD562283D8C20095BC87 /* AAPLMathUtilities.m in Sources */,
			);
			runOnlyForDeploymentPostprocessing = 0;
		};
		3A4DDD622283D9150095BC87 /* Sources */ = {
			isa = PBXSourcesBuildPhase;
			buildActionMask = 2147483647;
			files = (
				3A4DDD632283D9150095BC87 /* AAPLMeshData.mm in Sources */,
				3A4DDD642283D9150095BC87 /* AAPLMathUtilities.m in Sources */,
				3A4DDD692283D9150095BC87 /* AAPLAppDelegate.m in Sources */,
				3A8BF91B22BC13DF0037A7F0 /* AAPLOpenGLRenderer.m in Sources */,
				3A4DDD6A2283D9150095BC87 /* main.m in Sources */,
				3AFFA01222A1F0C900D8184A /* AAPLOpenGLViewController.m in Sources */,
			);
			runOnlyForDeploymentPostprocessing = 0;
		};
		3ABD52C92283BAFB0050D28E /* Sources */ = {
			isa = PBXSourcesBuildPhase;
			buildActionMask = 2147483647;
			files = (
				3ABD52F72283BDBA0050D28E /* AAPLMeshData.mm in Sources */,
				3ABD52FA2283BDC50050D28E /* AAPLMathUtilities.m in Sources */,
				3ABD52F92283BDC10050D28E /* AAPLShaders.metal in Sources */,
				3ABD52FB2283BE4B0050D28E /* AAPLMetalViewController.m in Sources */,
				3ABD52F62283BDB70050D28E /* AAPLMetalRenderer.m in Sources */,
				3ABD53092283C4FE0050D28E /* AAPLAppDelegate.m in Sources */,
				3ABD52F02283BC260050D28E /* main.m in Sources */,
			);
			runOnlyForDeploymentPostprocessing = 0;
		};
/* End PBXSourcesBuildPhase section */

/* Begin PBXVariantGroup section */
		3A54890C22A8329700D4B25A /* Main.storyboard */ = {
			isa = PBXVariantGroup;
			children = (
				3A54890D22A8329700D4B25A /* Base */,
			);
			name = Main.storyboard;
			sourceTree = "<group>";
		};
		3A54890F22A8329700D4B25A /* Main.storyboard */ = {
			isa = PBXVariantGroup;
			children = (
				3A54891022A8329700D4B25A /* Base */,
			);
			name = Main.storyboard;
			sourceTree = "<group>";
		};
		3ABD52D52283BAFB0050D28E /* Main.storyboard */ = {
			isa = PBXVariantGroup;
			children = (
				3ABD52D62283BAFB0050D28E /* Base */,
			);
			name = Main.storyboard;
			sourceTree = "<group>";
		};
		3ABD52DA2283BAFE0050D28E /* LaunchScreen.storyboard */ = {
			isa = PBXVariantGroup;
			children = (
				3ABD52DB2283BAFE0050D28E /* Base */,
			);
			name = LaunchScreen.storyboard;
			sourceTree = "<group>";
		};
		3ABD52E42283BB9B0050D28E /* Main.storyboard */ = {
			isa = PBXVariantGroup;
			children = (
				3ABD52E52283BB9B0050D28E /* Base */,
			);
			name = Main.storyboard;
			sourceTree = "<group>";
		};
/* End PBXVariantGroup section */

/* Begin XCBuildConfiguration section */
		3A40C5CA2277F0F500DBB29F /* Debug */ = {
			isa = XCBuildConfiguration;
			baseConfigurationReference = 78D5197078D7690000000001 /* SampleCode.xcconfig */;
			buildSettings = {
				ALWAYS_SEARCH_USER_PATHS = NO;
				CLANG_ANALYZER_NONNULL = YES;
				CLANG_ANALYZER_NUMBER_OBJECT_CONVERSION = YES_AGGRESSIVE;
				CLANG_CXX_LANGUAGE_STANDARD = "gnu++14";
				CLANG_CXX_LIBRARY = "libc++";
				CLANG_ENABLE_MODULES = YES;
				CLANG_ENABLE_OBJC_ARC = YES;
				CLANG_ENABLE_OBJC_WEAK = YES;
				CLANG_WARN_BLOCK_CAPTURE_AUTORELEASING = YES;
				CLANG_WARN_BOOL_CONVERSION = YES;
				CLANG_WARN_COMMA = YES;
				CLANG_WARN_CONSTANT_CONVERSION = YES;
				CLANG_WARN_DIRECT_OBJC_ISA_USAGE = YES_ERROR;
				CLANG_WARN_DOCUMENTATION_COMMENTS = YES;
				CLANG_WARN_EMPTY_BODY = YES;
				CLANG_WARN_ENUM_CONVERSION = YES;
				CLANG_WARN_INFINITE_RECURSION = YES;
				CLANG_WARN_INT_CONVERSION = YES;
				CLANG_WARN_NON_LITERAL_NULL_CONVERSION = YES;
				CLANG_WARN_OBJC_LITERAL_CONVERSION = YES;
				CLANG_WARN_OBJC_ROOT_CLASS = YES_ERROR;
				CLANG_WARN_RANGE_LOOP_ANALYSIS = YES;
				CLANG_WARN_STRICT_PROTOTYPES = YES;
				CLANG_WARN_SUSPICIOUS_MOVE = YES;
				CLANG_WARN_UNGUARDED_AVAILABILITY = YES_AGGRESSIVE;
				CLANG_WARN_UNREACHABLE_CODE = YES;
				CLANG_WARN__DUPLICATE_METHOD_MATCH = YES;
				COPY_PHASE_STRIP = NO;
				DEBUG_INFORMATION_FORMAT = dwarf;
				ENABLE_STRICT_OBJC_MSGSEND = YES;
				ENABLE_TESTABILITY = YES;
				GCC_C_LANGUAGE_STANDARD = gnu11;
				GCC_DYNAMIC_NO_PIC = NO;
				GCC_NO_COMMON_BLOCKS = YES;
				GCC_OPTIMIZATION_LEVEL = 0;
				GCC_PREPROCESSOR_DEFINITIONS = (
					"DEBUG=1",
					"$(inherited)",
				);
				GCC_WARN_64_TO_32_BIT_CONVERSION = YES;
				GCC_WARN_ABOUT_RETURN_TYPE = YES_ERROR;
				GCC_WARN_UNDECLARED_SELECTOR = YES;
				GCC_WARN_UNINITIALIZED_AUTOS = YES_AGGRESSIVE;
				GCC_WARN_UNUSED_FUNCTION = YES;
				GCC_WARN_UNUSED_VARIABLE = YES;
				MTL_ENABLE_DEBUG_INFO = YES;
				ONLY_ACTIVE_ARCH = YES;
			};
			name = Debug;
		};
		3A40C5CB2277F0F500DBB29F /* Release */ = {
			isa = XCBuildConfiguration;
			baseConfigurationReference = 78D5197078D7690000000001 /* SampleCode.xcconfig */;
			buildSettings = {
				ALWAYS_SEARCH_USER_PATHS = NO;
				CLANG_ANALYZER_NONNULL = YES;
				CLANG_ANALYZER_NUMBER_OBJECT_CONVERSION = YES_AGGRESSIVE;
				CLANG_CXX_LANGUAGE_STANDARD = "gnu++14";
				CLANG_CXX_LIBRARY = "libc++";
				CLANG_ENABLE_MODULES = YES;
				CLANG_ENABLE_OBJC_ARC = YES;
				CLANG_ENABLE_OBJC_WEAK = YES;
				CLANG_WARN_BLOCK_CAPTURE_AUTORELEASING = YES;
				CLANG_WARN_BOOL_CONVERSION = YES;
				CLANG_WARN_COMMA = YES;
				CLANG_WARN_CONSTANT_CONVERSION = YES;
				CLANG_WARN_DIRECT_OBJC_ISA_USAGE = YES_ERROR;
				CLANG_WARN_DOCUMENTATION_COMMENTS = YES;
				CLANG_WARN_EMPTY_BODY = YES;
				CLANG_WARN_ENUM_CONVERSION = YES;
				CLANG_WARN_INFINITE_RECURSION = YES;
				CLANG_WARN_INT_CONVERSION = YES;
				CLANG_WARN_NON_LITERAL_NULL_CONVERSION = YES;
				CLANG_WARN_OBJC_LITERAL_CONVERSION = YES;
				CLANG_WARN_OBJC_ROOT_CLASS = YES_ERROR;
				CLANG_WARN_RANGE_LOOP_ANALYSIS = YES;
				CLANG_WARN_STRICT_PROTOTYPES = YES;
				CLANG_WARN_SUSPICIOUS_MOVE = YES;
				CLANG_WARN_UNGUARDED_AVAILABILITY = YES_AGGRESSIVE;
				CLANG_WARN_UNREACHABLE_CODE = YES;
				CLANG_WARN__DUPLICATE_METHOD_MATCH = YES;
				COPY_PHASE_STRIP = NO;
				DEBUG_INFORMATION_FORMAT = "dwarf-with-dsym";
				ENABLE_NS_ASSERTIONS = NO;
				ENABLE_STRICT_OBJC_MSGSEND = YES;
				GCC_C_LANGUAGE_STANDARD = gnu11;
				GCC_NO_COMMON_BLOCKS = YES;
				GCC_WARN_64_TO_32_BIT_CONVERSION = YES;
				GCC_WARN_ABOUT_RETURN_TYPE = YES_ERROR;
				GCC_WARN_UNDECLARED_SELECTOR = YES;
				GCC_WARN_UNINITIALIZED_AUTOS = YES_AGGRESSIVE;
				GCC_WARN_UNUSED_FUNCTION = YES;
				GCC_WARN_UNUSED_VARIABLE = YES;
				MTL_ENABLE_DEBUG_INFO = NO;
			};
			name = Release;
		};
		3A40C5CD2277F0F500DBB29F /* Debug */ = {
			isa = XCBuildConfiguration;
			baseConfigurationReference = 78D5197078D7690000000001 /* SampleCode.xcconfig */;
			buildSettings = {
				CLANG_WARN_DEPRECATED_OBJC_IMPLEMENTATIONS = YES;
				CLANG_WARN_OBJC_IMPLICIT_RETAIN_SELF = YES;
				CODE_SIGN_IDENTITY = "Mac Developer";
				CODE_SIGN_STYLE = Automatic;
				COMBINE_HIDPI_IMAGES = YES;
				DEVELOPMENT_TEAM = EC87CRQ8DS;
				GCC_PREPROCESSOR_DEFINITIONS = (
					"$(inherited)",
					"TARGET_MACOS=1",
				);
				INFOPLIST_FILE = Common/Application/macOS/Info.plist;
				LD_RUNPATH_SEARCH_PATHS = (
					"$(inherited)",
					"@executable_path/../Frameworks",
				);
				MACOSX_DEPLOYMENT_TARGET = 10.15;
				MTL_ENABLE_DEBUG_INFO = INCLUDE_SOURCE;
				MTL_FAST_MATH = YES;
				MTL_HEADER_SEARCH_PATHS = Common;
				PRODUCT_BUNDLE_IDENTIFIER = "com.example.apple-samplecode.$(PRODUCT_NAME)${SAMPLE_CODE_DISAMBIGUATOR}";
				PRODUCT_NAME = MetalRenderer;
				PROVISIONING_PROFILE_SPECIFIER = "";
				SDKROOT = macosx;
			};
			name = Debug;
		};
		3A40C5CE2277F0F500DBB29F /* Release */ = {
			isa = XCBuildConfiguration;
			baseConfigurationReference = 78D5197078D7690000000001 /* SampleCode.xcconfig */;
			buildSettings = {
				CLANG_WARN_DEPRECATED_OBJC_IMPLEMENTATIONS = YES;
				CLANG_WARN_OBJC_IMPLICIT_RETAIN_SELF = YES;
				CODE_SIGN_IDENTITY = "Mac Developer";
				CODE_SIGN_STYLE = Automatic;
				COMBINE_HIDPI_IMAGES = YES;
				DEVELOPMENT_TEAM = EC87CRQ8DS;
				GCC_PREPROCESSOR_DEFINITIONS = (
					"$(inherited)",
					"TARGET_MACOS=1",
				);
				INFOPLIST_FILE = Common/Application/macOS/Info.plist;
				LD_RUNPATH_SEARCH_PATHS = (
					"$(inherited)",
					"@executable_path/../Frameworks",
				);
				MACOSX_DEPLOYMENT_TARGET = 10.15;
				MTL_FAST_MATH = YES;
				MTL_HEADER_SEARCH_PATHS = Common;
				PRODUCT_BUNDLE_IDENTIFIER = "com.example.apple-samplecode.$(PRODUCT_NAME)${SAMPLE_CODE_DISAMBIGUATOR}";
				PRODUCT_NAME = MetalRenderer;
				PROVISIONING_PROFILE_SPECIFIER = "";
				SDKROOT = macosx;
			};
			name = Release;
		};
		3A4DDD5D2283D8C20095BC87 /* Debug */ = {
			isa = XCBuildConfiguration;
			baseConfigurationReference = 78D5197078D7690000000001 /* SampleCode.xcconfig */;
			buildSettings = {
				CLANG_WARN_DEPRECATED_OBJC_IMPLEMENTATIONS = YES;
				CLANG_WARN_OBJC_IMPLICIT_RETAIN_SELF = YES;
				CODE_SIGN_IDENTITY = "Mac Developer";
				CODE_SIGN_STYLE = Automatic;
				COMBINE_HIDPI_IMAGES = YES;
				DEVELOPMENT_TEAM = EC87CRQ8DS;
				GCC_PREPROCESSOR_DEFINITIONS = (
					"$(inherited)",
					"TARGET_MACOS=1",
				);
				INFOPLIST_FILE = Common/Application/macOS/Info.plist;
				LD_RUNPATH_SEARCH_PATHS = (
					"$(inherited)",
					"@executable_path/../Frameworks",
				);
				MACOSX_DEPLOYMENT_TARGET = 10.15;
				MTL_ENABLE_DEBUG_INFO = INCLUDE_SOURCE;
				MTL_FAST_MATH = YES;
				PRODUCT_BUNDLE_IDENTIFIER = "com.example.apple-samplecode.$(PRODUCT_NAME)${SAMPLE_CODE_DISAMBIGUATOR}";
				PRODUCT_NAME = OpenGLRenderer;
				PROVISIONING_PROFILE_SPECIFIER = "";
				SDKROOT = macosx;
			};
			name = Debug;
		};
		3A4DDD5E2283D8C20095BC87 /* Release */ = {
			isa = XCBuildConfiguration;
			baseConfigurationReference = 78D5197078D7690000000001 /* SampleCode.xcconfig */;
			buildSettings = {
				CLANG_WARN_DEPRECATED_OBJC_IMPLEMENTATIONS = YES;
				CLANG_WARN_OBJC_IMPLICIT_RETAIN_SELF = YES;
				CODE_SIGN_IDENTITY = "Mac Developer";
				CODE_SIGN_STYLE = Automatic;
				COMBINE_HIDPI_IMAGES = YES;
				DEVELOPMENT_TEAM = EC87CRQ8DS;
				GCC_PREPROCESSOR_DEFINITIONS = (
					"$(inherited)",
					"TARGET_MACOS=1",
				);
				INFOPLIST_FILE = Common/Application/macOS/Info.plist;
				LD_RUNPATH_SEARCH_PATHS = (
					"$(inherited)",
					"@executable_path/../Frameworks",
				);
				MACOSX_DEPLOYMENT_TARGET = 10.15;
				MTL_FAST_MATH = YES;
				PRODUCT_BUNDLE_IDENTIFIER = "com.example.apple-samplecode.$(PRODUCT_NAME)${SAMPLE_CODE_DISAMBIGUATOR}";
				PRODUCT_NAME = OpenGLRenderer;
				PROVISIONING_PROFILE_SPECIFIER = "";
				SDKROOT = macosx;
			};
			name = Release;
		};
		3A4DDD712283D9150095BC87 /* Debug */ = {
			isa = XCBuildConfiguration;
			baseConfigurationReference = 78D5197078D7690000000001 /* SampleCode.xcconfig */;
			buildSettings = {
				CLANG_WARN_DEPRECATED_OBJC_IMPLEMENTATIONS = YES;
				CLANG_WARN_OBJC_IMPLICIT_RETAIN_SELF = YES;
				CODE_SIGN_IDENTITY = "iPhone Developer";
				CODE_SIGN_STYLE = Automatic;
				DEVELOPMENT_TEAM = EC87CRQ8DS;
				GCC_PREPROCESSOR_DEFINITIONS = (
					"$(inherited)",
					"TARGET_IOS=1",
				);
				INFOPLIST_FILE = Common/Application/iOS/Info.plist;
				IPHONEOS_DEPLOYMENT_TARGET = 13.0;
				LD_RUNPATH_SEARCH_PATHS = (
					"$(inherited)",
					"@executable_path/Frameworks",
				);
				MTL_ENABLE_DEBUG_INFO = INCLUDE_SOURCE;
				MTL_FAST_MATH = YES;
				PRODUCT_BUNDLE_IDENTIFIER = "com.example.apple-samplecode.$(PRODUCT_NAME)${SAMPLE_CODE_DISAMBIGUATOR}";
				PRODUCT_NAME = OpenGLRenderer;
				PROVISIONING_PROFILE_SPECIFIER = "";
				SDKROOT = iphoneos;
				TARGETED_DEVICE_FAMILY = "1,2";
			};
			name = Debug;
		};
		3A4DDD722283D9150095BC87 /* Release */ = {
			isa = XCBuildConfiguration;
			baseConfigurationReference = 78D5197078D7690000000001 /* SampleCode.xcconfig */;
			buildSettings = {
				CLANG_WARN_DEPRECATED_OBJC_IMPLEMENTATIONS = YES;
				CLANG_WARN_OBJC_IMPLICIT_RETAIN_SELF = YES;
				CODE_SIGN_IDENTITY = "iPhone Developer";
				CODE_SIGN_STYLE = Automatic;
				DEVELOPMENT_TEAM = EC87CRQ8DS;
				GCC_PREPROCESSOR_DEFINITIONS = "TARGET_IOS=1";
				INFOPLIST_FILE = Common/Application/iOS/Info.plist;
				IPHONEOS_DEPLOYMENT_TARGET = 13.0;
				LD_RUNPATH_SEARCH_PATHS = (
					"$(inherited)",
					"@executable_path/Frameworks",
				);
				MTL_FAST_MATH = YES;
				PRODUCT_BUNDLE_IDENTIFIER = "com.example.apple-samplecode.$(PRODUCT_NAME)${SAMPLE_CODE_DISAMBIGUATOR}";
				PRODUCT_NAME = OpenGLRenderer;
				PROVISIONING_PROFILE_SPECIFIER = "";
				SDKROOT = iphoneos;
				TARGETED_DEVICE_FAMILY = "1,2";
				VALIDATE_PRODUCT = YES;
			};
			name = Release;
		};
		3ABD52E12283BAFE0050D28E /* Debug */ = {
			isa = XCBuildConfiguration;
			baseConfigurationReference = 78D5197078D7690000000001 /* SampleCode.xcconfig */;
			buildSettings = {
				CLANG_WARN_DEPRECATED_OBJC_IMPLEMENTATIONS = YES;
				CLANG_WARN_OBJC_IMPLICIT_RETAIN_SELF = YES;
				CODE_SIGN_IDENTITY = "iPhone Developer";
				CODE_SIGN_STYLE = Automatic;
				DEVELOPMENT_TEAM = EC87CRQ8DS;
				GCC_PREPROCESSOR_DEFINITIONS = (
					"$(inherited)",
					"TARGET_IOS=1",
				);
				INFOPLIST_FILE = Common/Application/iOS/Info.plist;
				IPHONEOS_DEPLOYMENT_TARGET = 13.0;
				LD_RUNPATH_SEARCH_PATHS = (
					"$(inherited)",
					"@executable_path/Frameworks",
				);
				MTL_ENABLE_DEBUG_INFO = INCLUDE_SOURCE;
				MTL_FAST_MATH = YES;
				MTL_HEADER_SEARCH_PATHS = Common;
				PRODUCT_BUNDLE_IDENTIFIER = "com.example.apple-samplecode.$(PRODUCT_NAME)${SAMPLE_CODE_DISAMBIGUATOR}";
				PRODUCT_NAME = MetalRenderer;
				PROVISIONING_PROFILE_SPECIFIER = "";
				SDKROOT = iphoneos;
				TARGETED_DEVICE_FAMILY = "1,2";
			};
			name = Debug;
		};
		3ABD52E22283BAFE0050D28E /* Release */ = {
			isa = XCBuildConfiguration;
			baseConfigurationReference = 78D5197078D7690000000001 /* SampleCode.xcconfig */;
			buildSettings = {
				CLANG_WARN_DEPRECATED_OBJC_IMPLEMENTATIONS = YES;
				CLANG_WARN_OBJC_IMPLICIT_RETAIN_SELF = YES;
				CODE_SIGN_IDENTITY = "iPhone Developer";
				CODE_SIGN_STYLE = Automatic;
				DEVELOPMENT_TEAM = EC87CRQ8DS;
				GCC_PREPROCESSOR_DEFINITIONS = "TARGET_IOS=1";
				INFOPLIST_FILE = Common/Application/iOS/Info.plist;
				IPHONEOS_DEPLOYMENT_TARGET = 13.0;
				LD_RUNPATH_SEARCH_PATHS = (
					"$(inherited)",
					"@executable_path/Frameworks",
				);
				MTL_FAST_MATH = YES;
				MTL_HEADER_SEARCH_PATHS = Common;
				PRODUCT_BUNDLE_IDENTIFIER = "com.example.apple-samplecode.$(PRODUCT_NAME)${SAMPLE_CODE_DISAMBIGUATOR}";
				PRODUCT_NAME = MetalRenderer;
				PROVISIONING_PROFILE_SPECIFIER = "";
				SDKROOT = iphoneos;
				TARGETED_DEVICE_FAMILY = "1,2";
				VALIDATE_PRODUCT = YES;
			};
			name = Release;
		};
/* End XCBuildConfiguration section */

/* Begin XCConfigurationList section */
		3A40C5A32277F0F500DBB29F /* Build configuration list for PBXProject "OpenGLToMetal" */ = {
			isa = XCConfigurationList;
			buildConfigurations = (
				3A40C5CA2277F0F500DBB29F /* Debug */,
				3A40C5CB2277F0F500DBB29F /* Release */,
			);
			defaultConfigurationIsVisible = 0;
			defaultConfigurationName = Release;
		};
		3A40C5CC2277F0F500DBB29F /* Build configuration list for PBXNativeTarget "MetalRenderer-macOS" */ = {
			isa = XCConfigurationList;
			buildConfigurations = (
				3A40C5CD2277F0F500DBB29F /* Debug */,
				3A40C5CE2277F0F500DBB29F /* Release */,
			);
			defaultConfigurationIsVisible = 0;
			defaultConfigurationName = Release;
		};
		3A4DDD5C2283D8C20095BC87 /* Build configuration list for PBXNativeTarget "OpenGLRenderer-macOS" */ = {
			isa = XCConfigurationList;
			buildConfigurations = (
				3A4DDD5D2283D8C20095BC87 /* Debug */,
				3A4DDD5E2283D8C20095BC87 /* Release */,
			);
			defaultConfigurationIsVisible = 0;
			defaultConfigurationName = Release;
		};
		3A4DDD702283D9150095BC87 /* Build configuration list for PBXNativeTarget "OpenGLRenderer-iOS" */ = {
			isa = XCConfigurationList;
			buildConfigurations = (
				3A4DDD712283D9150095BC87 /* Debug */,
				3A4DDD722283D9150095BC87 /* Release */,
			);
			defaultConfigurationIsVisible = 0;
			defaultConfigurationName = Release;
		};
		3ABD52E02283BAFE0050D28E /* Build configuration list for PBXNativeTarget "MetalRenderer-iOS" */ = {
			isa = XCConfigurationList;
			buildConfigurations = (
				3ABD52E12283BAFE0050D28E /* Debug */,
				3ABD52E22283BAFE0050D28E /* Release */,
			);
			defaultConfigurationIsVisible = 0;
			defaultConfigurationName = Release;
		};
/* End XCConfigurationList section */
	};
	rootObject = 3A40C5A02277F0F500DBB29F /* Project object */;
}
