// !$*UTF8*$!
{
	archiveVersion = 1;
	classes = {
	};
	objectVersion = 46;
	objects = {

/* Begin PBXBuildFile section */
		3A1E2E271F71B59200A7B165 /* main.m in Sources */ = {isa = PBXBuildFile; fileRef = 3A1E2E1A1F71B4D900A7B165 /* main.m */; };
		3ABBACF01F73155A0080C72C /* MetalKit.framework in Frameworks */ = {isa = PBXBuildFile; fileRef = 3ABBACED1F73154F0080C72C /* MetalKit.framework */; };
		3B54D9EE22D79E7F00093FCF /* Metal.framework in Frameworks */ = {isa = PBXBuildFile; fileRef = 3B54D9ED22D79E7F00093FCF /* Metal.framework */; };
		3B5B376322D79CB00040F4CD /* Main.storyboard in Resources */ = {isa = PBXBuildFile; fileRef = 3B5B376022D79CB00040F4CD /* Main.storyboard */; };
		727EA73522CFFB4300D8ED05 /* AAPLCaptureManager.m in Sources */ = {isa = PBXBuildFile; fileRef = 727EA73422CFFB4300D8ED05 /* AAPLCaptureManager.m */; };
		72E97F2B229F504800F75CD0 /* AAPLViewController.m in Sources */ = {isa = PBXBuildFile; fileRef = 72E97F24229F504800F75CD0 /* AAPLViewController.m */; };
		72E97F2C229F504800F75CD0 /* Media.xcassets in Resources */ = {isa = PBXBuildFile; fileRef = 72E97F26229F504800F75CD0 /* Media.xcassets */; };
		72E97F33229F50EE00F75CD0 /* AAPLShaders.metal in Sources */ = {isa = PBXBuildFile; fileRef = 72E97F2F229F50EE00F75CD0 /* AAPLShaders.metal */; };
		72E97F34229F50EE00F75CD0 /* AAPLRenderer.m in Sources */ = {isa = PBXBuildFile; fileRef = 72E97F32229F50EE00F75CD0 /* AAPLRenderer.m */; };
/* End PBXBuildFile section */

/* Begin PBXFileReference section */
		02C2A11002C3E2E000000001 /* SampleCode.xcconfig */ = {isa = PBXFileReference; lastKnownFileType = text.xcconfig; name = SampleCode.xcconfig; path = Configuration/SampleCode.xcconfig; sourceTree = "<group>"; };
		02D6FDD002D6FB8000000001 /* LICENSE.txt */ = {isa = PBXFileReference; includeInIndex = 1; lastKnownFileType = text; path = LICENSE.txt; sourceTree = "<group>"; };
		3A1E2E1A1F71B4D900A7B165 /* main.m */ = {isa = PBXFileReference; lastKnownFileType = sourcecode.c.objc; path = main.m; sourceTree = "<group>"; };
		3A70730B1EBD4A67001F05E4 /* CaptureManagerSample.app */ = {isa = PBXFileReference; explicitFileType = wrapper.application; includeInIndex = 0; path = CaptureManagerSample.app; sourceTree = BUILT_PRODUCTS_DIR; };
		3ABBACED1F73154F0080C72C /* MetalKit.framework */ = {isa = PBXFileReference; lastKnownFileType = wrapper.framework; name = MetalKit.framework; path = System/Library/Frameworks/MetalKit.framework; sourceTree = SDKROOT; };
		3B54D9ED22D79E7F00093FCF /* Metal.framework */ = {isa = PBXFileReference; lastKnownFileType = wrapper.framework; name = Metal.framework; path = System/Library/Frameworks/Metal.framework; sourceTree = SDKROOT; };
		3B5B376122D79CB00040F4CD /* Base */ = {isa = PBXFileReference; lastKnownFileType = file.storyboard; name = Base; path = Main.storyboard; sourceTree = "<group>"; };
		3B5B376222D79CB00040F4CD /* Info.plist */ = {isa = PBXFileReference; lastKnownFileType = text.plist; name = Info.plist; path = Application/macOS/Info.plist; sourceTree = SOURCE_ROOT; };
		727EA73322CFFB4200D8ED05 /* AAPLCaptureManager.h */ = {isa = PBXFileReference; fileEncoding = 4; lastKnownFileType = sourcecode.c.h; path = AAPLCaptureManager.h; sourceTree = "<group>"; };
		727EA73422CFFB4300D8ED05 /* AAPLCaptureManager.m */ = {isa = PBXFileReference; fileEncoding = 4; lastKnownFileType = sourcecode.c.objc; path = AAPLCaptureManager.m; sourceTree = "<group>"; };
		72E97F24229F504800F75CD0 /* AAPLViewController.m */ = {isa = PBXFileReference; fileEncoding = 4; lastKnownFileType = sourcecode.c.objc; path = AAPLViewController.m; sourceTree = "<group>"; };
		72E97F26229F504800F75CD0 /* Media.xcassets */ = {isa = PBXFileReference; lastKnownFileType = folder.assetcatalog; path = Media.xcassets; sourceTree = "<group>"; };
		72E97F29229F504800F75CD0 /* AAPLViewController.h */ = {isa = PBXFileReference; fileEncoding = 4; lastKnownFileType = sourcecode.c.h; path = AAPLViewController.h; sourceTree = "<group>"; };
		72E97F2F229F50EE00F75CD0 /* AAPLShaders.metal */ = {isa = PBXFileReference; fileEncoding = 4; lastKnownFileType = sourcecode.metal; path = AAPLShaders.metal; sourceTree = "<group>"; };
		72E97F30229F50EE00F75CD0 /* AAPLShaderTypes.h */ = {isa = PBXFileReference; fileEncoding = 4; lastKnownFileType = sourcecode.c.h; path = AAPLShaderTypes.h; sourceTree = "<group>"; };
		72E97F31229F50EE00F75CD0 /* AAPLRenderer.h */ = {isa = PBXFileReference; fileEncoding = 4; lastKnownFileType = sourcecode.c.h; path = AAPLRenderer.h; sourceTree = "<group>"; };
		72E97F32229F50EE00F75CD0 /* AAPLRenderer.m */ = {isa = PBXFileReference; fileEncoding = 4; lastKnownFileType = sourcecode.c.objc; path = AAPLRenderer.m; sourceTree = "<group>"; };
		DD5CFFD0DD5C470000000001 /* README.md */ = {isa = PBXFileReference; lastKnownFileType = net.daringfireball.markdown; path = README.md; sourceTree = "<group>"; };
/* End PBXFileReference section */

/* Begin PBXFrameworksBuildPhase section */
		3A7073081EBD4A67001F05E4 /* Frameworks */ = {
			isa = PBXFrameworksBuildPhase;
			buildActionMask = 2147483647;
			files = (
				3B54D9EE22D79E7F00093FCF /* Metal.framework in Frameworks */,
				3ABBACF01F73155A0080C72C /* MetalKit.framework in Frameworks */,
			);
			runOnlyForDeploymentPostprocessing = 0;
		};
/* End PBXFrameworksBuildPhase section */

/* Begin PBXGroup section */
		02C2FE8002C61A7000000001 /* Configuration */ = {
			isa = PBXGroup;
			children = (
				02C2A11002C3E2E000000001 /* SampleCode.xcconfig */,
			);
			name = Configuration;
			sourceTree = "<group>";
		};
		02D6B60002D72F8000000001 /* LICENSE */ = {
			isa = PBXGroup;
			children = (
				02D6FDD002D6FB8000000001 /* LICENSE.txt */,
			);
			path = LICENSE;
			sourceTree = "<group>";
		};
		3A1E2E091F71B49100A7B165 /* Application */ = {
			isa = PBXGroup;
			children = (
				3B5B375E22D79C7C0040F4CD /* macOS */,
				3A1E2E1A1F71B4D900A7B165 /* main.m */,
				72E97F29229F504800F75CD0 /* AAPLViewController.h */,
				72E97F24229F504800F75CD0 /* AAPLViewController.m */,
				72E97F26229F504800F75CD0 /* Media.xcassets */,
			);
			path = Application;
			sourceTree = "<group>";
		};
		3A7072CA1EBD4A66001F05E4 = {
			isa = PBXGroup;
			children = (
				DD5CFFD0DD5C470000000001 /* README.md */,
				3A1E2E091F71B49100A7B165 /* Application */,
				3A7072CF1EBD4A66001F05E4 /* Renderer */,
				3ABBACE61F7314E80080C72C /* Frameworks */,
				3A7072DC1EBD4A67001F05E4 /* Products */,
				02C2FE8002C61A7000000001 /* Configuration */,
				02D6B60002D72F8000000001 /* LICENSE */,
			);
			sourceTree = "<group>";
		};
		3A7072CF1EBD4A66001F05E4 /* Renderer */ = {
			isa = PBXGroup;
			children = (
				727EA73322CFFB4200D8ED05 /* AAPLCaptureManager.h */,
				727EA73422CFFB4300D8ED05 /* AAPLCaptureManager.m */,
				72E97F31229F50EE00F75CD0 /* AAPLRenderer.h */,
				72E97F32229F50EE00F75CD0 /* AAPLRenderer.m */,
				72E97F2F229F50EE00F75CD0 /* AAPLShaders.metal */,
				72E97F30229F50EE00F75CD0 /* AAPLShaderTypes.h */,
			);
			path = Renderer;
			sourceTree = "<group>";
		};
		3A7072DC1EBD4A67001F05E4 /* Products */ = {
			isa = PBXGroup;
			children = (
				3A70730B1EBD4A67001F05E4 /* CaptureManagerSample.app */,
			);
			name = Products;
			sourceTree = "<group>";
		};
		3ABBACE61F7314E80080C72C /* Frameworks */ = {
			isa = PBXGroup;
			children = (
				3B54D9ED22D79E7F00093FCF /* Metal.framework */,
				3ABBACED1F73154F0080C72C /* MetalKit.framework */,
			);
			name = Frameworks;
			sourceTree = "<group>";
		};
		3B5B375E22D79C7C0040F4CD /* macOS */ = {
			isa = PBXGroup;
			children = (
				3B5B375F22D79CB00040F4CD /* Base.lproj */,
				3B5B376222D79CB00040F4CD /* Info.plist */,
			);
			path = macOS;
			sourceTree = "<group>";
		};
		3B5B375F22D79CB00040F4CD /* Base.lproj */ = {
			isa = PBXGroup;
			children = (
				3B5B376022D79CB00040F4CD /* Main.storyboard */,
			);
			name = Base.lproj;
			path = Application/macOS/Base.lproj;
			sourceTree = SOURCE_ROOT;
		};
/* End PBXGroup section */

/* Begin PBXNativeTarget section */
		3A70730A1EBD4A67001F05E4 /* CaptureManagerSample-macOS */ = {
			isa = PBXNativeTarget;
			buildConfigurationList = 3A7073341EBD4A67001F05E4 /* Build configuration list for PBXNativeTarget "CaptureManagerSample-macOS" */;
			buildPhases = (
				3A7073071EBD4A67001F05E4 /* Sources */,
				3A7073081EBD4A67001F05E4 /* Frameworks */,
				3A7073091EBD4A67001F05E4 /* Resources */,
			);
			buildRules = (
			);
			dependencies = (
			);
			name = "CaptureManagerSample-macOS";
			productName = macOS;
			productReference = 3A70730B1EBD4A67001F05E4 /* CaptureManagerSample.app */;
			productType = "com.apple.product-type.application";
		};
/* End PBXNativeTarget section */

/* Begin PBXProject section */
		3A7072CB1EBD4A66001F05E4 /* Project object */ = {
			isa = PBXProject;
			attributes = {
				LastUpgradeCheck = 1100;
				ORGANIZATIONNAME = Apple;
				TargetAttributes = {
					3A70730A1EBD4A67001F05E4 = {
						CreatedOnToolsVersion = 8.3.2;
						DevelopmentTeam = EC87CRQ8DS;
						ProvisioningStyle = Automatic;
					};
				};
			};
			buildConfigurationList = 3A7072CE1EBD4A66001F05E4 /* Build configuration list for PBXProject "CaptureManagerSample" */;
			compatibilityVersion = "Xcode 3.2";
			developmentRegion = English;
			hasScannedForEncodings = 0;
			knownRegions = (
				English,
				en,
				Base,
			);
			mainGroup = 3A7072CA1EBD4A66001F05E4;
			productRefGroup = 3A7072DC1EBD4A67001F05E4 /* Products */;
			projectDirPath = "";
			projectRoot = "";
			targets = (
				3A70730A1EBD4A67001F05E4 /* CaptureManagerSample-macOS */,
			);
		};
/* End PBXProject section */

/* Begin PBXResourcesBuildPhase section */
		3A7073091EBD4A67001F05E4 /* Resources */ = {
			isa = PBXResourcesBuildPhase;
			buildActionMask = 2147483647;
			files = (
				3B5B376322D79CB00040F4CD /* Main.storyboard in Resources */,
				72E97F2C229F504800F75CD0 /* Media.xcassets in Resources */,
			);
			runOnlyForDeploymentPostprocessing = 0;
		};
/* End PBXResourcesBuildPhase section */

/* Begin PBXSourcesBuildPhase section */
		3A7073071EBD4A67001F05E4 /* Sources */ = {
			isa = PBXSourcesBuildPhase;
			buildActionMask = 2147483647;
			files = (
				72E97F33229F50EE00F75CD0 /* AAPLShaders.metal in Sources */,
				72E97F2B229F504800F75CD0 /* AAPLViewController.m in Sources */,
				727EA73522CFFB4300D8ED05 /* AAPLCaptureManager.m in Sources */,
				72E97F34229F50EE00F75CD0 /* AAPLRenderer.m in Sources */,
				3A1E2E271F71B59200A7B165 /* main.m in Sources */,
			);
			runOnlyForDeploymentPostprocessing = 0;
		};
/* End PBXSourcesBuildPhase section */

/* Begin PBXVariantGroup section */
		3B5B376022D79CB00040F4CD /* Main.storyboard */ = {
			isa = PBXVariantGroup;
			children = (
				3B5B376122D79CB00040F4CD /* Base */,
			);
			name = Main.storyboard;
			sourceTree = "<group>";
		};
/* End PBXVariantGroup section */

/* Begin XCBuildConfiguration section */
		3A70732C1EBD4A67001F05E4 /* Debug */ = {
			isa = XCBuildConfiguration;
			baseConfigurationReference = 02C2A11002C3E2E000000001 /* SampleCode.xcconfig */;
			buildSettings = {
				ALWAYS_SEARCH_USER_PATHS = NO;
				CLANG_ANALYZER_LOCALIZABILITY_NONLOCALIZED = YES;
				CLANG_ANALYZER_NONNULL = YES;
				CLANG_ANALYZER_NUMBER_OBJECT_CONVERSION = YES_AGGRESSIVE;
				CLANG_CXX_LANGUAGE_STANDARD = "gnu++0x";
				CLANG_CXX_LIBRARY = "libc++";
				CLANG_ENABLE_MODULES = YES;
				CLANG_ENABLE_OBJC_ARC = YES;
				CLANG_WARN_BLOCK_CAPTURE_AUTORELEASING = YES;
				CLANG_WARN_BOOL_CONVERSION = YES;
				CLANG_WARN_COMMA = YES;
				CLANG_WARN_CONSTANT_CONVERSION = YES;
				CLANG_WARN_DEPRECATED_OBJC_IMPLEMENTATIONS = YES;
				CLANG_WARN_DIRECT_OBJC_ISA_USAGE = YES_ERROR;
				CLANG_WARN_DOCUMENTATION_COMMENTS = YES;
				CLANG_WARN_EMPTY_BODY = YES;
				CLANG_WARN_ENUM_CONVERSION = YES;
				CLANG_WARN_INFINITE_RECURSION = YES;
				CLANG_WARN_INT_CONVERSION = YES;
				CLANG_WARN_NON_LITERAL_NULL_CONVERSION = YES;
				CLANG_WARN_OBJC_IMPLICIT_RETAIN_SELF = YES;
				CLANG_WARN_OBJC_LITERAL_CONVERSION = YES;
				CLANG_WARN_OBJC_ROOT_CLASS = YES_ERROR;
				CLANG_WARN_RANGE_LOOP_ANALYSIS = YES;
				CLANG_WARN_STRICT_PROTOTYPES = YES;
				CLANG_WARN_SUSPICIOUS_MOVE = YES;
				CLANG_WARN_UNREACHABLE_CODE = YES;
				CLANG_WARN__DUPLICATE_METHOD_MATCH = YES;
				COPY_PHASE_STRIP = NO;
				DEBUG_INFORMATION_FORMAT = dwarf;
				ENABLE_STRICT_OBJC_MSGSEND = YES;
				ENABLE_TESTABILITY = YES;
				GCC_C_LANGUAGE_STANDARD = gnu99;
				GCC_DYNAMIC_NO_PIC = NO;
				GCC_NO_COMMON_BLOCKS = YES;
				GCC_OPTIMIZATION_LEVEL = 0;
				GCC_PREPROCESSOR_DEFINITIONS = (
					"DEBUG=1",
					"$(inherited)",
				);
				GCC_WARN_64_TO_32_BIT_CONVERSION = YES;
				GCC_WARN_ABOUT_RETURN_TYPE = YES_ERROR;
				GCC_WARN_UNDECLARED_SELECTOR = YES;
				GCC_WARN_UNINITIALIZED_AUTOS = YES_AGGRESSIVE;
				GCC_WARN_UNUSED_FUNCTION = YES;
				GCC_WARN_UNUSED_VARIABLE = YES;
				MTL_ENABLE_DEBUG_INFO = YES;
				ONLY_ACTIVE_ARCH = YES;
				PRODUCT_BUNDLE_IDENTIFIER = "com.example.apple-samplecode.$(PRODUCT_NAME)\"";
				PRODUCT_NAME = CaptureManagerSample;
			};
			name = Debug;
		};
		3A70732D1EBD4A67001F05E4 /* Release */ = {
			isa = XCBuildConfiguration;
			baseConfigurationReference = 02C2A11002C3E2E000000001 /* SampleCode.xcconfig */;
			buildSettings = {
				ALWAYS_SEARCH_USER_PATHS = NO;
				CLANG_ANALYZER_LOCALIZABILITY_NONLOCALIZED = YES;
				CLANG_ANALYZER_NONNULL = YES;
				CLANG_ANALYZER_NUMBER_OBJECT_CONVERSION = YES_AGGRESSIVE;
				CLANG_CXX_LANGUAGE_STANDARD = "gnu++0x";
				CLANG_CXX_LIBRARY = "libc++";
				CLANG_ENABLE_MODULES = YES;
				CLANG_ENABLE_OBJC_ARC = YES;
				CLANG_WARN_BLOCK_CAPTURE_AUTORELEASING = YES;
				CLANG_WARN_BOOL_CONVERSION = YES;
				CLANG_WARN_COMMA = YES;
				CLANG_WARN_CONSTANT_CONVERSION = YES;
				CLANG_WARN_DEPRECATED_OBJC_IMPLEMENTATIONS = YES;
				CLANG_WARN_DIRECT_OBJC_ISA_USAGE = YES_ERROR;
				CLANG_WARN_DOCUMENTATION_COMMENTS = YES;
				CLANG_WARN_EMPTY_BODY = YES;
				CLANG_WARN_ENUM_CONVERSION = YES;
				CLANG_WARN_INFINITE_RECURSION = YES;
				CLANG_WARN_INT_CONVERSION = YES;
				CLANG_WARN_NON_LITERAL_NULL_CONVERSION = YES;
				CLANG_WARN_OBJC_IMPLICIT_RETAIN_SELF = YES;
				CLANG_WARN_OBJC_LITERAL_CONVERSION = YES;
				CLANG_WARN_OBJC_ROOT_CLASS = YES_ERROR;
				CLANG_WARN_RANGE_LOOP_ANALYSIS = YES;
				CLANG_WARN_STRICT_PROTOTYPES = YES;
				CLANG_WARN_SUSPICIOUS_MOVE = YES;
				CLANG_WARN_UNREACHABLE_CODE = YES;
				CLANG_WARN__DUPLICATE_METHOD_MATCH = YES;
				COPY_PHASE_STRIP = NO;
				DEBUG_INFORMATION_FORMAT = "dwarf-with-dsym";
				ENABLE_NS_ASSERTIONS = NO;
				ENABLE_STRICT_OBJC_MSGSEND = YES;
				GCC_C_LANGUAGE_STANDARD = gnu99;
				GCC_NO_COMMON_BLOCKS = YES;
				GCC_WARN_64_TO_32_BIT_CONVERSION = YES;
				GCC_WARN_ABOUT_RETURN_TYPE = YES_ERROR;
				GCC_WARN_UNDECLARED_SELECTOR = YES;
				GCC_WARN_UNINITIALIZED_AUTOS = YES_AGGRESSIVE;
				GCC_WARN_UNUSED_FUNCTION = YES;
				GCC_WARN_UNUSED_VARIABLE = YES;
				MTL_ENABLE_DEBUG_INFO = NO;
				PRODUCT_BUNDLE_IDENTIFIER = "com.example.apple-samplecode.$(PRODUCT_NAME)\"";
				PRODUCT_NAME = CaptureManagerSample;
			};
			name = Release;
		};
		3A7073351EBD4A67001F05E4 /* Debug */ = {
			isa = XCBuildConfiguration;
			baseConfigurationReference = 02C2A11002C3E2E000000001 /* SampleCode.xcconfig */;
			buildSettings = {
				CODE_SIGN_IDENTITY = "Mac Developer";
				CODE_SIGN_STYLE = Automatic;
				COMBINE_HIDPI_IMAGES = YES;
				DEVELOPMENT_TEAM = EC87CRQ8DS;
				GCC_PREPROCESSOR_DEFINITIONS = (
					TARGET_MACOS,
					"$(inherited)",
				);
				INFOPLIST_FILE = Application/macOS/Info.plist;
				LD_RUNPATH_SEARCH_PATHS = "$(inherited) @executable_path/../Frameworks";
				MACOSX_DEPLOYMENT_TARGET = 10.15;
				MTL_ENABLE_DEBUG_INFO = INCLUDE_SOURCE;
				OTHER_CPLUSPLUSFLAGS = "$(OTHER_CFLAGS)";
				PRODUCT_BUNDLE_IDENTIFIER = "com.example.apple-samplecode.$(PRODUCT_NAME)${SAMPLE_CODE_DISAMBIGUATOR}";
				PRODUCT_NAME = CaptureManagerSample;
				PROVISIONING_PROFILE_SPECIFIER = "";
				SDKROOT = macosx;
			};
			name = Debug;
		};
		3A7073361EBD4A67001F05E4 /* Release */ = {
			isa = XCBuildConfiguration;
			baseConfigurationReference = 02C2A11002C3E2E000000001 /* SampleCode.xcconfig */;
			buildSettings = {
				CODE_SIGN_IDENTITY = "Mac Developer";
				CODE_SIGN_STYLE = Automatic;
				COMBINE_HIDPI_IMAGES = YES;
				DEVELOPMENT_TEAM = EC87CRQ8DS;
				GCC_PREPROCESSOR_DEFINITIONS = TARGET_MACOS;
				INFOPLIST_FILE = Application/macOS/Info.plist;
				LD_RUNPATH_SEARCH_PATHS = "$(inherited) @executable_path/../Frameworks";
				MACOSX_DEPLOYMENT_TARGET = 10.15;
				OTHER_CPLUSPLUSFLAGS = "$(OTHER_CFLAGS)";
				PRODUCT_BUNDLE_IDENTIFIER = "com.example.apple-samplecode.$(PRODUCT_NAME)${SAMPLE_CODE_DISAMBIGUATOR}";
				PRODUCT_NAME = CaptureManagerSample;
				PROVISIONING_PROFILE_SPECIFIER = "";
				SDKROOT = macosx;
			};
			name = Release;
		};
/* End XCBuildConfiguration section */

/* Begin XCConfigurationList section */
		3A7072CE1EBD4A66001F05E4 /* Build configuration list for PBXProject "CaptureManagerSample" */ = {
			isa = XCConfigurationList;
			buildConfigurations = (
				3A70732C1EBD4A67001F05E4 /* Debug */,
				3A70732D1EBD4A67001F05E4 /* Release */,
			);
			defaultConfigurationIsVisible = 0;
			defaultConfigurationName = Release;
		};
		3A7073341EBD4A67001F05E4 /* Build configuration list for PBXNativeTarget "CaptureManagerSample-macOS" */ = {
			isa = XCConfigurationList;
			buildConfigurations = (
				3A7073351EBD4A67001F05E4 /* Debug */,
				3A7073361EBD4A67001F05E4 /* Release */,
			);
			defaultConfigurationIsVisible = 0;
			defaultConfigurationName = Release;
		};
/* End XCConfigurationList section */
	};
	rootObject = 3A7072CB1EBD4A66001F05E4 /* Project object */;
}
