// !$*UTF8*$!
{
	archiveVersion = 1;
	classes = {
	};
	objectVersion = 46;
	objects = {

/* Begin PBXBuildFile section */
		3A55F91F1F4B9F9E0075C1C2 /* AAPLCulling.metal in Sources */ = {isa = PBXBuildFile; fileRef = 3A55F91A1F4B9F980075C1C2 /* AAPLCulling.metal */; };
		3A55F9221F4B9F9E0075C1C2 /* AAPLForward.metal in Sources */ = {isa = PBXBuildFile; fileRef = 3A55F91D1F4B9F980075C1C2 /* AAPLForward.metal */; };
		3A55F9231F4B9F9E0075C1C2 /* AAPLDepthPass.metal in Sources */ = {isa = PBXBuildFile; fileRef = 3A55F91E1F4B9F980075C1C2 /* AAPLDepthPass.metal */; };
		3AB1BEE41F57A745007FFF08 /* AAPLFairy.metal in Sources */ = {isa = PBXBuildFile; fileRef = 3AB1BEE31F57A745007FFF08 /* AAPLFairy.metal */; };
		3C2C0C2A1E66572C002D6932 /* Assets.xcassets in Resources */ = {isa = PBXBuildFile; fileRef = 3C2C0C291E66572C002D6932 /* Assets.xcassets */; };
		3C818BA71E4A717200F28CDE /* main.m in Sources */ = {isa = PBXBuildFile; fileRef = 3C818BA61E4A717200F28CDE /* main.m */; };
		3C818BAA1E4A717200F28CDE /* AAPLAppDelegate.m in Sources */ = {isa = PBXBuildFile; fileRef = 3C818BA91E4A717200F28CDE /* AAPLAppDelegate.m */; };
		3C818BAD1E4A717200F28CDE /* AAPLViewController.m in Sources */ = {isa = PBXBuildFile; fileRef = 3C818BAC1E4A717200F28CDE /* AAPLViewController.m */; };
		3C818BB01E4A717200F28CDE /* Main.storyboard in Resources */ = {isa = PBXBuildFile; fileRef = 3C818BAE1E4A717200F28CDE /* Main.storyboard */; };
		3C818BB31E4A717200F28CDE /* LaunchScreen.storyboard in Resources */ = {isa = PBXBuildFile; fileRef = 3C818BB11E4A717200F28CDE /* LaunchScreen.storyboard */; };
		3C818BCB1E4A717200F28CDE /* AAPLRenderer.m in Sources */ = {isa = PBXBuildFile; fileRef = 3C818B951E4A717200F28CDE /* AAPLRenderer.m */; };
		3C818BCF1E4A717200F28CDE /* AAPLMesh.m in Sources */ = {isa = PBXBuildFile; fileRef = 3C818B971E4A717200F28CDE /* AAPLMesh.m */; };
		3C818BD71E4A717200F28CDE /* AAPLMathUtilities.m in Sources */ = {isa = PBXBuildFile; fileRef = 3C818B9B1E4A717200F28CDE /* AAPLMathUtilities.m */; };
		3C818BD91E4A717200F28CDE /* Meshes in Resources */ = {isa = PBXBuildFile; fileRef = 3C818B9C1E4A717200F28CDE /* Meshes */; };
/* End PBXBuildFile section */

/* Begin PBXFileReference section */
		3A55F91A1F4B9F980075C1C2 /* AAPLCulling.metal */ = {isa = PBXFileReference; lastKnownFileType = sourcecode.metal; path = AAPLCulling.metal; sourceTree = "<group>"; };
		3A55F91D1F4B9F980075C1C2 /* AAPLForward.metal */ = {isa = PBXFileReference; lastKnownFileType = sourcecode.metal; path = AAPLForward.metal; sourceTree = "<group>"; };
		3A55F91E1F4B9F980075C1C2 /* AAPLDepthPass.metal */ = {isa = PBXFileReference; lastKnownFileType = sourcecode.metal; path = AAPLDepthPass.metal; sourceTree = "<group>"; };
		3A5C46181F4EBC7300E3CA9E /* README.md */ = {isa = PBXFileReference; lastKnownFileType = net.daringfireball.markdown; path = README.md; sourceTree = "<group>"; };
		3AB1BEE21F57A50F007FFF08 /* AAPLShaderCommon.h */ = {isa = PBXFileReference; lastKnownFileType = sourcecode.c.h; path = AAPLShaderCommon.h; sourceTree = "<group>"; };
		3AB1BEE31F57A745007FFF08 /* AAPLFairy.metal */ = {isa = PBXFileReference; lastKnownFileType = sourcecode.metal; path = AAPLFairy.metal; sourceTree = "<group>"; };
		3C2C0C291E66572C002D6932 /* Assets.xcassets */ = {isa = PBXFileReference; lastKnownFileType = folder.assetcatalog; path = Assets.xcassets; sourceTree = "<group>"; };
		3C818B941E4A717200F28CDE /* AAPLRenderer.h */ = {isa = PBXFileReference; lastKnownFileType = sourcecode.c.h; path = AAPLRenderer.h; sourceTree = "<group>"; };
		3C818B951E4A717200F28CDE /* AAPLRenderer.m */ = {isa = PBXFileReference; lastKnownFileType = sourcecode.c.objc; path = AAPLRenderer.m; sourceTree = "<group>"; };
		3C818B961E4A717200F28CDE /* AAPLMesh.h */ = {isa = PBXFileReference; lastKnownFileType = sourcecode.c.h; path = AAPLMesh.h; sourceTree = "<group>"; };
		3C818B971E4A717200F28CDE /* AAPLMesh.m */ = {isa = PBXFileReference; lastKnownFileType = sourcecode.c.objc; path = AAPLMesh.m; sourceTree = "<group>"; };
		3C818B981E4A717200F28CDE /* AAPLShaderTypes.h */ = {isa = PBXFileReference; lastKnownFileType = sourcecode.c.h; path = AAPLShaderTypes.h; sourceTree = "<group>"; };
		3C818B9A1E4A717200F28CDE /* AAPLMathUtilities.h */ = {isa = PBXFileReference; lastKnownFileType = sourcecode.c.h; path = AAPLMathUtilities.h; sourceTree = "<group>"; };
		3C818B9B1E4A717200F28CDE /* AAPLMathUtilities.m */ = {isa = PBXFileReference; lastKnownFileType = sourcecode.c.objc; path = AAPLMathUtilities.m; sourceTree = "<group>"; };
		3C818B9C1E4A717200F28CDE /* Meshes */ = {isa = PBXFileReference; lastKnownFileType = folder; path = Meshes; sourceTree = "<group>"; };
		3C818BA21E4A717200F28CDE /* ForwardPlusLightingWithTileShading.app */ = {isa = PBXFileReference; explicitFileType = wrapper.application; includeInIndex = 0; path = ForwardPlusLightingWithTileShading.app; sourceTree = BUILT_PRODUCTS_DIR; };
		3C818BA61E4A717200F28CDE /* main.m */ = {isa = PBXFileReference; lastKnownFileType = sourcecode.c.objc; path = main.m; sourceTree = "<group>"; };
		3C818BA81E4A717200F28CDE /* AAPLAppDelegate.h */ = {isa = PBXFileReference; lastKnownFileType = sourcecode.c.h; path = AAPLAppDelegate.h; sourceTree = "<group>"; };
		3C818BA91E4A717200F28CDE /* AAPLAppDelegate.m */ = {isa = PBXFileReference; lastKnownFileType = sourcecode.c.objc; path = AAPLAppDelegate.m; sourceTree = "<group>"; };
		3C818BAB1E4A717200F28CDE /* AAPLViewController.h */ = {isa = PBXFileReference; lastKnownFileType = sourcecode.c.h; path = AAPLViewController.h; sourceTree = "<group>"; };
		3C818BAC1E4A717200F28CDE /* AAPLViewController.m */ = {isa = PBXFileReference; lastKnownFileType = sourcecode.c.objc; path = AAPLViewController.m; sourceTree = "<group>"; };
		3C818BAF1E4A717200F28CDE /* Base */ = {isa = PBXFileReference; lastKnownFileType = file.storyboard; name = Base; path = Base.lproj/Main.storyboard; sourceTree = "<group>"; };
		3C818BB21E4A717200F28CDE /* Base */ = {isa = PBXFileReference; lastKnownFileType = file.storyboard; name = Base; path = Base.lproj/LaunchScreen.storyboard; sourceTree = "<group>"; };
		3C818BB41E4A717200F28CDE /* Info.plist */ = {isa = PBXFileReference; lastKnownFileType = text.plist.xml; path = Info.plist; sourceTree = "<group>"; };
		56E9D02056E8AFE000000001 /* LICENSE.txt */ = {isa = PBXFileReference; includeInIndex = 1; lastKnownFileType = text; path = LICENSE.txt; sourceTree = "<group>"; };
		56F8C74056F8BF4000000001 /* SampleCode.xcconfig */ = {isa = PBXFileReference; lastKnownFileType = text.xcconfig; name = SampleCode.xcconfig; path = Configuration/SampleCode.xcconfig; sourceTree = "<group>"; };
/* End PBXFileReference section */

/* Begin PBXFrameworksBuildPhase section */
		3C818B9F1E4A717200F28CDE /* Frameworks */ = {
			isa = PBXFrameworksBuildPhase;
			buildActionMask = 2147483647;
			files = (
			);
			runOnlyForDeploymentPostprocessing = 0;
		};
/* End PBXFrameworksBuildPhase section */

/* Begin PBXGroup section */
		3C818B8E1E4A717100F28CDE = {
			isa = PBXGroup;
			children = (
				3A5C46181F4EBC7300E3CA9E /* README.md */,
				3C818B931E4A717200F28CDE /* Renderer */,
				3C818BA41E4A717200F28CDE /* Application */,
				3C818BA31E4A717200F28CDE /* Products */,
				56F8C61056F8C67000000001 /* Configuration */,
				56E8A49056E8A77000000001 /* LICENSE */,
			);
			sourceTree = "<group>";
		};
		3C818B931E4A717200F28CDE /* Renderer */ = {
			isa = PBXGroup;
			children = (
				3C818B941E4A717200F28CDE /* AAPLRenderer.h */,
				3C818B951E4A717200F28CDE /* AAPLRenderer.m */,
				3C818B961E4A717200F28CDE /* AAPLMesh.h */,
				3C818B971E4A717200F28CDE /* AAPLMesh.m */,
				3C818B9A1E4A717200F28CDE /* AAPLMathUtilities.h */,
				3C818B9B1E4A717200F28CDE /* AAPLMathUtilities.m */,
				3C818B981E4A717200F28CDE /* AAPLShaderTypes.h */,
				3AB1BEE21F57A50F007FFF08 /* AAPLShaderCommon.h */,
				3A55F91E1F4B9F980075C1C2 /* AAPLDepthPass.metal */,
				3A55F91A1F4B9F980075C1C2 /* AAPLCulling.metal */,
				3A55F91D1F4B9F980075C1C2 /* AAPLForward.metal */,
				3AB1BEE31F57A745007FFF08 /* AAPLFairy.metal */,
				3C2C0C291E66572C002D6932 /* Assets.xcassets */,
				3C818B9C1E4A717200F28CDE /* Meshes */,
			);
			path = Renderer;
			sourceTree = "<group>";
		};
		3C818BA31E4A717200F28CDE /* Products */ = {
			isa = PBXGroup;
			children = (
				3C818BA21E4A717200F28CDE /* ForwardPlusLightingWithTileShading.app */,
			);
			name = Products;
			sourceTree = "<group>";
		};
		3C818BA41E4A717200F28CDE /* Application */ = {
			isa = PBXGroup;
			children = (
				3C818BA81E4A717200F28CDE /* AAPLAppDelegate.h */,
				3C818BA91E4A717200F28CDE /* AAPLAppDelegate.m */,
				3C818BAB1E4A717200F28CDE /* AAPLViewController.h */,
				3C818BAC1E4A717200F28CDE /* AAPLViewController.m */,
				3C818BAE1E4A717200F28CDE /* Main.storyboard */,
				3C818BB11E4A717200F28CDE /* LaunchScreen.storyboard */,
				3C818BB41E4A717200F28CDE /* Info.plist */,
				3C818BA51E4A717200F28CDE /* Supporting Files */,
			);
			path = Application;
			sourceTree = "<group>";
		};
		3C818BA51E4A717200F28CDE /* Supporting Files */ = {
			isa = PBXGroup;
			children = (
				3C818BA61E4A717200F28CDE /* main.m */,
			);
			name = "Supporting Files";
			sourceTree = "<group>";
		};
		56E8A49056E8A77000000001 /* LICENSE */ = {
			isa = PBXGroup;
			children = (
				56E9D02056E8AFE000000001 /* LICENSE.txt */,
			);
			path = LICENSE;
			sourceTree = "<group>";
		};
		56F8C61056F8C67000000001 /* Configuration */ = {
			isa = PBXGroup;
			children = (
				56F8C74056F8BF4000000001 /* SampleCode.xcconfig */,
			);
			name = Configuration;
			sourceTree = "<group>";
		};
/* End PBXGroup section */

/* Begin PBXNativeTarget section */
		3C818BA11E4A717200F28CDE /* ForwardPlusLightingWithTileShading-iOS */ = {
			isa = PBXNativeTarget;
			buildConfigurationList = 3C818BDF1E4A717200F28CDE /* Build configuration list for PBXNativeTarget "ForwardPlusLightingWithTileShading-iOS" */;
			buildPhases = (
				3C818B9E1E4A717200F28CDE /* Sources */,
				3C818B9F1E4A717200F28CDE /* Frameworks */,
				3C818BA01E4A717200F28CDE /* Resources */,
			);
			buildRules = (
			);
			dependencies = (
			);
			name = "ForwardPlusLightingWithTileShading-iOS";
			productName = iOS;
			productReference = 3C818BA21E4A717200F28CDE /* ForwardPlusLightingWithTileShading.app */;
			productType = "com.apple.product-type.application";
		};
/* End PBXNativeTarget section */

/* Begin PBXProject section */
		3C818B8F1E4A717100F28CDE /* Project object */ = {
			isa = PBXProject;
			attributes = {
				LastUpgradeCheck = 1100;
				ORGANIZATIONNAME = Apple;
				TargetAttributes = {
					3C818BA11E4A717200F28CDE = {
						CreatedOnToolsVersion = 8.3;
						DevelopmentTeam = EC87CRQ8DS;
						ProvisioningStyle = Automatic;
					};
				};
			};
			buildConfigurationList = 3C818B921E4A717100F28CDE /* Build configuration list for PBXProject "ForwardPlusLightingWithTileShading" */;
			compatibilityVersion = "Xcode 3.2";
			developmentRegion = English;
			hasScannedForEncodings = 0;
			knownRegions = (
				English,
				en,
				Base,
			);
			mainGroup = 3C818B8E1E4A717100F28CDE;
			productRefGroup = 3C818BA31E4A717200F28CDE /* Products */;
			projectDirPath = "";
			projectRoot = "";
			targets = (
				3C818BA11E4A717200F28CDE /* ForwardPlusLightingWithTileShading-iOS */,
			);
		};
/* End PBXProject section */

/* Begin PBXResourcesBuildPhase section */
		3C818BA01E4A717200F28CDE /* Resources */ = {
			isa = PBXResourcesBuildPhase;
			buildActionMask = 2147483647;
			files = (
				3C818BB01E4A717200F28CDE /* Main.storyboard in Resources */,
				3C2C0C2A1E66572C002D6932 /* Assets.xcassets in Resources */,
				3C818BD91E4A717200F28CDE /* Meshes in Resources */,
				3C818BB31E4A717200F28CDE /* LaunchScreen.storyboard in Resources */,
			);
			runOnlyForDeploymentPostprocessing = 0;
		};
/* End PBXResourcesBuildPhase section */

/* Begin PBXSourcesBuildPhase section */
		3C818B9E1E4A717200F28CDE /* Sources */ = {
			isa = PBXSourcesBuildPhase;
			buildActionMask = 2147483647;
			files = (
				3A55F91F1F4B9F9E0075C1C2 /* AAPLCulling.metal in Sources */,
				3AB1BEE41F57A745007FFF08 /* AAPLFairy.metal in Sources */,
				3A55F9221F4B9F9E0075C1C2 /* AAPLForward.metal in Sources */,
				3A55F9231F4B9F9E0075C1C2 /* AAPLDepthPass.metal in Sources */,
				3C818BAA1E4A717200F28CDE /* AAPLAppDelegate.m in Sources */,
				3C818BAD1E4A717200F28CDE /* AAPLViewController.m in Sources */,
				3C818BD71E4A717200F28CDE /* AAPLMathUtilities.m in Sources */,
				3C818BCB1E4A717200F28CDE /* AAPLRenderer.m in Sources */,
				3C818BCF1E4A717200F28CDE /* AAPLMesh.m in Sources */,
				3C818BA71E4A717200F28CDE /* main.m in Sources */,
			);
			runOnlyForDeploymentPostprocessing = 0;
		};
/* End PBXSourcesBuildPhase section */

/* Begin PBXVariantGroup section */
		3C818BAE1E4A717200F28CDE /* Main.storyboard */ = {
			isa = PBXVariantGroup;
			children = (
				3C818BAF1E4A717200F28CDE /* Base */,
			);
			name = Main.storyboard;
			sourceTree = "<group>";
		};
		3C818BB11E4A717200F28CDE /* LaunchScreen.storyboard */ = {
			isa = PBXVariantGroup;
			children = (
				3C818BB21E4A717200F28CDE /* Base */,
			);
			name = LaunchScreen.storyboard;
			sourceTree = "<group>";
		};
/* End PBXVariantGroup section */

/* Begin XCBuildConfiguration section */
		3C818BDD1E4A717200F28CDE /* Debug */ = {
			isa = XCBuildConfiguration;
			baseConfigurationReference = 56F8C74056F8BF4000000001 /* SampleCode.xcconfig */;
			buildSettings = {
				ALWAYS_SEARCH_USER_PATHS = NO;
				CLANG_ANALYZER_NONNULL = YES;
				CLANG_CXX_LANGUAGE_STANDARD = "gnu++0x";
				CLANG_CXX_LIBRARY = "libc++";
				CLANG_ENABLE_MODULES = YES;
				CLANG_ENABLE_OBJC_ARC = YES;
				CLANG_WARN_BLOCK_CAPTURE_AUTORELEASING = YES;
				CLANG_WARN_BOOL_CONVERSION = YES;
				CLANG_WARN_COMMA = YES;
				CLANG_WARN_CONSTANT_CONVERSION = YES;
				CLANG_WARN_DEPRECATED_OBJC_IMPLEMENTATIONS = YES;
				CLANG_WARN_DIRECT_OBJC_ISA_USAGE = YES_ERROR;
				CLANG_WARN_DOCUMENTATION_COMMENTS = YES;
				CLANG_WARN_EMPTY_BODY = YES;
				CLANG_WARN_ENUM_CONVERSION = YES;
				CLANG_WARN_INFINITE_RECURSION = YES;
				CLANG_WARN_INT_CONVERSION = YES;
				CLANG_WARN_NON_LITERAL_NULL_CONVERSION = YES;
				CLANG_WARN_OBJC_IMPLICIT_RETAIN_SELF = YES;
				CLANG_WARN_OBJC_LITERAL_CONVERSION = YES;
				CLANG_WARN_OBJC_ROOT_CLASS = YES_ERROR;
				CLANG_WARN_RANGE_LOOP_ANALYSIS = YES;
				CLANG_WARN_STRICT_PROTOTYPES = YES;
				CLANG_WARN_SUSPICIOUS_MOVE = YES;
				CLANG_WARN_UNREACHABLE_CODE = YES;
				CLANG_WARN__DUPLICATE_METHOD_MATCH = YES;
				CODE_SIGN_IDENTITY = "-";
				COPY_PHASE_STRIP = NO;
				DEBUG_INFORMATION_FORMAT = dwarf;
				ENABLE_STRICT_OBJC_MSGSEND = YES;
				ENABLE_TESTABILITY = YES;
				GCC_C_LANGUAGE_STANDARD = gnu99;
				GCC_DYNAMIC_NO_PIC = NO;
				GCC_NO_COMMON_BLOCKS = YES;
				GCC_OPTIMIZATION_LEVEL = 0;
				GCC_PREPROCESSOR_DEFINITIONS = (
					"DEBUG=1",
					"$(inherited)",
				);
				GCC_WARN_64_TO_32_BIT_CONVERSION = YES;
				GCC_WARN_ABOUT_RETURN_TYPE = YES_ERROR;
				GCC_WARN_UNDECLARED_SELECTOR = YES;
				GCC_WARN_UNINITIALIZED_AUTOS = YES_AGGRESSIVE;
				GCC_WARN_UNUSED_FUNCTION = YES;
				GCC_WARN_UNUSED_VARIABLE = YES;
				MTL_ENABLE_DEBUG_INFO = YES;
				ONLY_ACTIVE_ARCH = YES;
			};
			name = Debug;
		};
		3C818BDE1E4A717200F28CDE /* Release */ = {
			isa = XCBuildConfiguration;
			baseConfigurationReference = 56F8C74056F8BF4000000001 /* SampleCode.xcconfig */;
			buildSettings = {
				ALWAYS_SEARCH_USER_PATHS = NO;
				CLANG_ANALYZER_NONNULL = YES;
				CLANG_CXX_LANGUAGE_STANDARD = "gnu++0x";
				CLANG_CXX_LIBRARY = "libc++";
				CLANG_ENABLE_MODULES = YES;
				CLANG_ENABLE_OBJC_ARC = YES;
				CLANG_WARN_BLOCK_CAPTURE_AUTORELEASING = YES;
				CLANG_WARN_BOOL_CONVERSION = YES;
				CLANG_WARN_COMMA = YES;
				CLANG_WARN_CONSTANT_CONVERSION = YES;
				CLANG_WARN_DEPRECATED_OBJC_IMPLEMENTATIONS = YES;
				CLANG_WARN_DIRECT_OBJC_ISA_USAGE = YES_ERROR;
				CLANG_WARN_DOCUMENTATION_COMMENTS = YES;
				CLANG_WARN_EMPTY_BODY = YES;
				CLANG_WARN_ENUM_CONVERSION = YES;
				CLANG_WARN_INFINITE_RECURSION = YES;
				CLANG_WARN_INT_CONVERSION = YES;
				CLANG_WARN_NON_LITERAL_NULL_CONVERSION = YES;
				CLANG_WARN_OBJC_IMPLICIT_RETAIN_SELF = YES;
				CLANG_WARN_OBJC_LITERAL_CONVERSION = YES;
				CLANG_WARN_OBJC_ROOT_CLASS = YES_ERROR;
				CLANG_WARN_RANGE_LOOP_ANALYSIS = YES;
				CLANG_WARN_STRICT_PROTOTYPES = YES;
				CLANG_WARN_SUSPICIOUS_MOVE = YES;
				CLANG_WARN_UNREACHABLE_CODE = YES;
				CLANG_WARN__DUPLICATE_METHOD_MATCH = YES;
				CODE_SIGN_IDENTITY = "-";
				COPY_PHASE_STRIP = NO;
				DEBUG_INFORMATION_FORMAT = "dwarf-with-dsym";
				ENABLE_NS_ASSERTIONS = NO;
				ENABLE_STRICT_OBJC_MSGSEND = YES;
				GCC_C_LANGUAGE_STANDARD = gnu99;
				GCC_NO_COMMON_BLOCKS = YES;
				GCC_WARN_64_TO_32_BIT_CONVERSION = YES;
				GCC_WARN_ABOUT_RETURN_TYPE = YES_ERROR;
				GCC_WARN_UNDECLARED_SELECTOR = YES;
				GCC_WARN_UNINITIALIZED_AUTOS = YES_AGGRESSIVE;
				GCC_WARN_UNUSED_FUNCTION = YES;
				GCC_WARN_UNUSED_VARIABLE = YES;
				MTL_ENABLE_DEBUG_INFO = NO;
			};
			name = Release;
		};
		3C818BE01E4A717200F28CDE /* Debug */ = {
			isa = XCBuildConfiguration;
			baseConfigurationReference = 56F8C74056F8BF4000000001 /* SampleCode.xcconfig */;
			buildSettings = {
				ASSETCATALOG_COMPILER_APPICON_NAME = AppIcon;
				CODE_SIGN_IDENTITY = "iPhone Developer";
				CODE_SIGN_STYLE = Automatic;
				DEVELOPMENT_TEAM = EC87CRQ8DS;
				INFOPLIST_FILE = Application/Info.plist;
				IPHONEOS_DEPLOYMENT_TARGET = 11.0;
				LD_RUNPATH_SEARCH_PATHS = "$(inherited) @executable_path/Frameworks";
				MTL_ENABLE_DEBUG_INFO = INCLUDE_SOURCE;
				PRODUCT_BUNDLE_IDENTIFIER = "com.example.apple-samplecode.$(PRODUCT_NAME)${SAMPLE_CODE_DISAMBIGUATOR}";
				PRODUCT_NAME = ForwardPlusLightingWithTileShading;
				PROVISIONING_PROFILE_SPECIFIER = "";
				SDKROOT = iphoneos;
				TARGETED_DEVICE_FAMILY = "1,2";
			};
			name = Debug;
		};
		3C818BE11E4A717200F28CDE /* Release */ = {
			isa = XCBuildConfiguration;
			baseConfigurationReference = 56F8C74056F8BF4000000001 /* SampleCode.xcconfig */;
			buildSettings = {
				ASSETCATALOG_COMPILER_APPICON_NAME = AppIcon;
				CODE_SIGN_IDENTITY = "iPhone Developer";
				CODE_SIGN_STYLE = Automatic;
				DEVELOPMENT_TEAM = EC87CRQ8DS;
				INFOPLIST_FILE = Application/Info.plist;
				IPHONEOS_DEPLOYMENT_TARGET = 11.0;
				LD_RUNPATH_SEARCH_PATHS = "$(inherited) @executable_path/Frameworks";
				PRODUCT_BUNDLE_IDENTIFIER = "com.example.apple-samplecode.$(PRODUCT_NAME)${SAMPLE_CODE_DISAMBIGUATOR}";
				PRODUCT_NAME = ForwardPlusLightingWithTileShading;
				PROVISIONING_PROFILE_SPECIFIER = "";
				SDKROOT = iphoneos;
				TARGETED_DEVICE_FAMILY = "1,2";
				VALIDATE_PRODUCT = YES;
			};
			name = Release;
		};
/* End XCBuildConfiguration section */

/* Begin XCConfigurationList section */
		3C818B921E4A717100F28CDE /* Build configuration list for PBXProject "ForwardPlusLightingWithTileShading" */ = {
			isa = XCConfigurationList;
			buildConfigurations = (
				3C818BDD1E4A717200F28CDE /* Debug */,
				3C818BDE1E4A717200F28CDE /* Release */,
			);
			defaultConfigurationIsVisible = 0;
			defaultConfigurationName = Release;
		};
		3C818BDF1E4A717200F28CDE /* Build configuration list for PBXNativeTarget "ForwardPlusLightingWithTileShading-iOS" */ = {
			isa = XCConfigurationList;
			buildConfigurations = (
				3C818BE01E4A717200F28CDE /* Debug */,
				3C818BE11E4A717200F28CDE /* Release */,
			);
			defaultConfigurationIsVisible = 0;
			defaultConfigurationName = Release;
		};
/* End XCConfigurationList section */
	};
	rootObject = 3C818B8F1E4A717100F28CDE /* Project object */;
}
